
Microsoft Visual Studio Solution File, Format Version 11.00
# Visual Studio 2010
Project("{FAE04EC0-301F-11D3-BF4B-00C04F79EFBC}") = "SalesforceSample.iOS", "SalesforceSample.iOS\SalesforceSample.iOS.csproj", "{F15665F3-A8F8-42D7-ABD9-28A2DDB8C3BE}"
EndProject
Project("{FAE04EC0-301F-11D3-BF4B-00C04F79EFBC}") = "SalesforceSample.Android", "SalesforceSample.Android\SalesforceSample.Android.csproj", "{36F843DB-3E1F-4F3D-AD98-4E466EBFD841}"
EndProject
Global
	GlobalSection(SolutionConfigurationPlatforms) = preSolution
		Debug|iPhoneSimulator = Debug|iPhoneSimulator
		Release|iPhoneSimulator = Release|iPhoneSimulator
		Debug|iPhone = Debug|iPhone
		Release|iPhone = Release|iPhone
		Ad-Hoc|iPhone = Ad-Hoc|iPhone
		AppStore|iPhone = AppStore|iPhone
	EndGlobalSection
	GlobalSection(ProjectConfigurationPlatforms) = postSolution
		{36F843DB-3E1F-4F3D-AD98-4E466EBFD841}.Ad-Hoc|iPhone.ActiveCfg = Release|Any CPU
		{36F843DB-3E1F-4F3D-AD98-4E466EBFD841}.Ad-Hoc|iPhone.Build.0 = Release|Any CPU
		{36F843DB-3E1F-4F3D-AD98-4E466EBFD841}.AppStore|iPhone.ActiveCfg = Release|Any CPU
		{36F843DB-3E1F-4F3D-AD98-4E466EBFD841}.AppStore|iPhone.Build.0 = Release|Any CPU
		{36F843DB-3E1F-4F3D-AD98-4E466EBFD841}.Debug|iPhone.ActiveCfg = Debug|Any CPU
		{36F843DB-3E1F-4F3D-AD98-4E466EBFD841}.Debug|iPhone.Build.0 = Debug|Any CPU
		{36F843DB-3E1F-4F3D-AD98-4E466EBFD841}.Debug|iPhoneSimulator.ActiveCfg = Debug|Any CPU
		{36F843DB-3E1F-4F3D-AD98-4E466EBFD841}.Debug|iPhoneSimulator.Build.0 = Debug|Any CPU
		{36F843DB-3E1F-4F3D-AD98-4E466EBFD841}.Release|iPhone.ActiveCfg = Release|Any CPU
		{36F843DB-3E1F-4F3D-AD98-4E466EBFD841}.Release|iPhone.Build.0 = Release|Any CPU
		{36F843DB-3E1F-4F3D-AD98-4E466EBFD841}.Release|iPhoneSimulator.ActiveCfg = Release|Any CPU
		{36F843DB-3E1F-4F3D-AD98-4E466EBFD841}.Release|iPhoneSimulator.Build.0 = Release|Any CPU
		{F15665F3-A8F8-42D7-ABD9-28A2DDB8C3BE}.Ad-Hoc|iPhone.ActiveCfg = Ad-Hoc|iPhone
		{F15665F3-A8F8-42D7-ABD9-28A2DDB8C3BE}.Ad-Hoc|iPhone.Build.0 = Ad-Hoc|iPhone
		{F15665F3-A8F8-42D7-ABD9-28A2DDB8C3BE}.AppStore|iPhone.ActiveCfg = AppStore|iPhone
		{F15665F3-A8F8-42D7-ABD9-28A2DDB8C3BE}.AppStore|iPhone.Build.0 = AppStore|iPhone
		{F15665F3-A8F8-42D7-ABD9-28A2DDB8C3BE}.Debug|iPhone.ActiveCfg = Debug|iPhone
		{F15665F3-A8F8-42D7-ABD9-28A2DDB8C3BE}.Debug|iPhone.Build.0 = Debug|iPhone
		{F15665F3-A8F8-42D7-ABD9-28A2DDB8C3BE}.Debug|iPhoneSimulator.ActiveCfg = Debug|iPhoneSimulator
		{F15665F3-A8F8-42D7-ABD9-28A2DDB8C3BE}.Debug|iPhoneSimulator.Build.0 = Debug|iPhoneSimulator
		{F15665F3-A8F8-42D7-ABD9-28A2DDB8C3BE}.Release|iPhone.ActiveCfg = Release|iPhone
		{F15665F3-A8F8-42D7-ABD9-28A2DDB8C3BE}.Release|iPhone.Build.0 = Release|iPhone
		{F15665F3-A8F8-42D7-ABD9-28A2DDB8C3BE}.Release|iPhoneSimulator.ActiveCfg = Release|iPhoneSimulator
		{F15665F3-A8F8-42D7-ABD9-28A2DDB8C3BE}.Release|iPhoneSimulator.Build.0 = Release|iPhoneSimulator
		{BF8CE0D9-4555-4567-8084-8B35233FF6B2}.Ad-Hoc|iPhone.ActiveCfg = Release|Any CPU
		{BF8CE0D9-4555-4567-8084-8B35233FF6B2}.Ad-Hoc|iPhone.Build.0 = Release|Any CPU
		{BF8CE0D9-4555-4567-8084-8B35233FF6B2}.AppStore|iPhone.ActiveCfg = Release|Any CPU
		{BF8CE0D9-4555-4567-8084-8B35233FF6B2}.AppStore|iPhone.Build.0 = Release|Any CPU
		{BF8CE0D9-4555-4567-8084-8B35233FF6B2}.Debug|iPhone.ActiveCfg = Debug|Any CPU
		{BF8CE0D9-4555-4567-8084-8B35233FF6B2}.Debug|iPhone.Build.0 = Debug|Any CPU
		{BF8CE0D9-4555-4567-8084-8B35233FF6B2}.Debug|iPhoneSimulator.ActiveCfg = Debug|Any CPU
		{BF8CE0D9-4555-4567-8084-8B35233FF6B2}.Debug|iPhoneSimulator.Build.0 = Debug|Any CPU
		{BF8CE0D9-4555-4567-8084-8B35233FF6B2}.Release|iPhone.ActiveCfg = Release|Any CPU
		{BF8CE0D9-4555-4567-8084-8B35233FF6B2}.Release|iPhone.Build.0 = Release|Any CPU
		{BF8CE0D9-4555-4567-8084-8B35233FF6B2}.Release|iPhoneSimulator.ActiveCfg = Release|Any CPU
		{BF8CE0D9-4555-4567-8084-8B35233FF6B2}.Release|iPhoneSimulator.Build.0 = Release|Any CPU
	EndGlobalSection
	GlobalSection(MonoDevelopProperties) = preSolution
		StartupItem = SalesforceSample.iOS\SalesforceSample.iOS.csproj
	EndGlobalSection
EndGlobal
