
Microsoft Visual Studio Solution File, Format Version 12.00
# Visual Studio 2012
VisualStudioVersion = 12.0.30501.0
MinimumVisualStudioVersion = 10.0.40219.1
Project("{2150E333-8FDC-42A3-9474-1A3956D46DE8}") = "Platform Apps", "Platform Apps", "{8BF682E4-337D-4E7D-9384-439FECEB6279}"
EndProject
Project("{FAE04EC0-301F-11D3-BF4B-00C04F79EFBC}") = "PhonewordXaml.iOS", "Phoneword.Apps\PhonewordXaml.iOS\PhonewordXaml.iOS.csproj", "{6CF24A99-33FE-4B43-BDAC-855423DA288D}"
EndProject
Project("{FAE04EC0-301F-11D3-BF4B-00C04F79EFBC}") = "PhonewordXaml.Android", "Phoneword.Apps\PhonewordXaml.Android\PhonewordXaml.Android.csproj", "{09159D1D-3A53-403D-B09F-A78393D9FE09}"
EndProject
Project("{2150E333-8FDC-42A3-9474-1A3956D46DE8}") = "Unit Tests", "Unit Tests", "{BA4D4131-6DD1-4EA2-894A-21686CDB18A4}"
EndProject
Project("{2150E333-8FDC-42A3-9474-1A3956D46DE8}") = "Libraries", "Libraries", "{7B466189-A4FB-4F3D-ADE2-DF68FF3C8953}"
EndProject
Project("{FAE04EC0-301F-11D3-BF4B-00C04F79EFBC}") = "Phoneword.Core", "Phoneword.Core\Phoneword.Core.csproj", "{4EEE871A-F562-427F-8176-EE7D74599F78}"
EndProject
Project("{FAE04EC0-301F-11D3-BF4B-00C04F79EFBC}") = "Phoneword.UI.XamForms", "Phoneword.Apps\PhonewordXaml\Phoneword.UI.XamForms.csproj", "{AE367F7F-F6C0-4C6C-B0BB-C24D0EF668FE}"
EndProject
Global
	GlobalSection(SolutionConfigurationPlatforms) = preSolution
		Ad-Hoc|Any CPU = Ad-Hoc|Any CPU
		Ad-Hoc|ARM = Ad-Hoc|ARM
		Ad-Hoc|iPhone = Ad-Hoc|iPhone
		Ad-Hoc|iPhoneSimulator = Ad-Hoc|iPhoneSimulator
		Ad-Hoc|Mixed Platforms = Ad-Hoc|Mixed Platforms
		Ad-Hoc|x86 = Ad-Hoc|x86
		AppStore|Any CPU = AppStore|Any CPU
		AppStore|ARM = AppStore|ARM
		AppStore|iPhone = AppStore|iPhone
		AppStore|iPhoneSimulator = AppStore|iPhoneSimulator
		AppStore|Mixed Platforms = AppStore|Mixed Platforms
		AppStore|x86 = AppStore|x86
		Debug|Any CPU = Debug|Any CPU
		Debug|ARM = Debug|ARM
		Debug|iPhone = Debug|iPhone
		Debug|iPhoneSimulator = Debug|iPhoneSimulator
		Debug|Mixed Platforms = Debug|Mixed Platforms
		Debug|x86 = Debug|x86
		Release|Any CPU = Release|Any CPU
		Release|ARM = Release|ARM
		Release|iPhone = Release|iPhone
		Release|iPhoneSimulator = Release|iPhoneSimulator
		Release|Mixed Platforms = Release|Mixed Platforms
		Release|x86 = Release|x86
	EndGlobalSection
	GlobalSection(ProjectConfigurationPlatforms) = postSolution
		{09159D1D-3A53-403D-B09F-A78393D9FE09}.Ad-Hoc|Any CPU.ActiveCfg = Debug|Any CPU
		{09159D1D-3A53-403D-B09F-A78393D9FE09}.Ad-Hoc|Any CPU.Build.0 = Debug|Any CPU
		{09159D1D-3A53-403D-B09F-A78393D9FE09}.Ad-Hoc|ARM.ActiveCfg = Debug|Any CPU
		{09159D1D-3A53-403D-B09F-A78393D9FE09}.Ad-Hoc|ARM.Build.0 = Debug|Any CPU
		{09159D1D-3A53-403D-B09F-A78393D9FE09}.Ad-Hoc|iPhone.ActiveCfg = Debug|Any CPU
		{09159D1D-3A53-403D-B09F-A78393D9FE09}.Ad-Hoc|iPhone.Build.0 = Debug|Any CPU
		{09159D1D-3A53-403D-B09F-A78393D9FE09}.Ad-Hoc|iPhoneSimulator.ActiveCfg = Debug|Any CPU
		{09159D1D-3A53-403D-B09F-A78393D9FE09}.Ad-Hoc|iPhoneSimulator.Build.0 = Debug|Any CPU
		{09159D1D-3A53-403D-B09F-A78393D9FE09}.Ad-Hoc|Mixed Platforms.ActiveCfg = Debug|Any CPU
		{09159D1D-3A53-403D-B09F-A78393D9FE09}.Ad-Hoc|Mixed Platforms.Build.0 = Debug|Any CPU
		{09159D1D-3A53-403D-B09F-A78393D9FE09}.Ad-Hoc|x86.ActiveCfg = Debug|Any CPU
		{09159D1D-3A53-403D-B09F-A78393D9FE09}.Ad-Hoc|x86.Build.0 = Debug|Any CPU
		{09159D1D-3A53-403D-B09F-A78393D9FE09}.AppStore|Any CPU.ActiveCfg = Debug|Any CPU
		{09159D1D-3A53-403D-B09F-A78393D9FE09}.AppStore|Any CPU.Build.0 = Debug|Any CPU
		{09159D1D-3A53-403D-B09F-A78393D9FE09}.AppStore|ARM.ActiveCfg = Debug|Any CPU
		{09159D1D-3A53-403D-B09F-A78393D9FE09}.AppStore|ARM.Build.0 = Debug|Any CPU
		{09159D1D-3A53-403D-B09F-A78393D9FE09}.AppStore|iPhone.ActiveCfg = Debug|Any CPU
		{09159D1D-3A53-403D-B09F-A78393D9FE09}.AppStore|iPhone.Build.0 = Debug|Any CPU
		{09159D1D-3A53-403D-B09F-A78393D9FE09}.AppStore|iPhoneSimulator.ActiveCfg = Debug|Any CPU
		{09159D1D-3A53-403D-B09F-A78393D9FE09}.AppStore|iPhoneSimulator.Build.0 = Debug|Any CPU
		{09159D1D-3A53-403D-B09F-A78393D9FE09}.AppStore|Mixed Platforms.ActiveCfg = Debug|Any CPU
		{09159D1D-3A53-403D-B09F-A78393D9FE09}.AppStore|Mixed Platforms.Build.0 = Debug|Any CPU
		{09159D1D-3A53-403D-B09F-A78393D9FE09}.AppStore|x86.ActiveCfg = Debug|Any CPU
		{09159D1D-3A53-403D-B09F-A78393D9FE09}.AppStore|x86.Build.0 = Debug|Any CPU
		{09159D1D-3A53-403D-B09F-A78393D9FE09}.Debug|Any CPU.ActiveCfg = Debug|Any CPU
		{09159D1D-3A53-403D-B09F-A78393D9FE09}.Debug|Any CPU.Build.0 = Debug|Any CPU
		{09159D1D-3A53-403D-B09F-A78393D9FE09}.Debug|ARM.ActiveCfg = Debug|Any CPU
		{09159D1D-3A53-403D-B09F-A78393D9FE09}.Debug|ARM.Build.0 = Debug|Any CPU
		{09159D1D-3A53-403D-B09F-A78393D9FE09}.Debug|iPhone.ActiveCfg = Debug|Any CPU
		{09159D1D-3A53-403D-B09F-A78393D9FE09}.Debug|iPhone.Build.0 = Debug|Any CPU
		{09159D1D-3A53-403D-B09F-A78393D9FE09}.Debug|iPhoneSimulator.ActiveCfg = Debug|Any CPU
		{09159D1D-3A53-403D-B09F-A78393D9FE09}.Debug|iPhoneSimulator.Build.0 = Debug|Any CPU
		{09159D1D-3A53-403D-B09F-A78393D9FE09}.Debug|Mixed Platforms.ActiveCfg = Debug|Any CPU
		{09159D1D-3A53-403D-B09F-A78393D9FE09}.Debug|Mixed Platforms.Build.0 = Debug|Any CPU
		{09159D1D-3A53-403D-B09F-A78393D9FE09}.Debug|x86.ActiveCfg = Debug|Any CPU
		{09159D1D-3A53-403D-B09F-A78393D9FE09}.Debug|x86.Build.0 = Debug|Any CPU
		{09159D1D-3A53-403D-B09F-A78393D9FE09}.Release|Any CPU.ActiveCfg = Release|Any CPU
		{09159D1D-3A53-403D-B09F-A78393D9FE09}.Release|Any CPU.Build.0 = Release|Any CPU
		{09159D1D-3A53-403D-B09F-A78393D9FE09}.Release|ARM.ActiveCfg = Release|Any CPU
		{09159D1D-3A53-403D-B09F-A78393D9FE09}.Release|ARM.Build.0 = Release|Any CPU
		{09159D1D-3A53-403D-B09F-A78393D9FE09}.Release|iPhone.ActiveCfg = Release|Any CPU
		{09159D1D-3A53-403D-B09F-A78393D9FE09}.Release|iPhone.Build.0 = Release|Any CPU
		{09159D1D-3A53-403D-B09F-A78393D9FE09}.Release|iPhoneSimulator.ActiveCfg = Release|Any CPU
		{09159D1D-3A53-403D-B09F-A78393D9FE09}.Release|iPhoneSimulator.Build.0 = Release|Any CPU
		{09159D1D-3A53-403D-B09F-A78393D9FE09}.Release|Mixed Platforms.ActiveCfg = Release|Any CPU
		{09159D1D-3A53-403D-B09F-A78393D9FE09}.Release|Mixed Platforms.Build.0 = Release|Any CPU
		{09159D1D-3A53-403D-B09F-A78393D9FE09}.Release|x86.ActiveCfg = Release|Any CPU
		{09159D1D-3A53-403D-B09F-A78393D9FE09}.Release|x86.Build.0 = Release|Any CPU
		{4EEE871A-F562-427F-8176-EE7D74599F78}.Ad-Hoc|Any CPU.ActiveCfg = Debug|Any CPU
		{4EEE871A-F562-427F-8176-EE7D74599F78}.Ad-Hoc|Any CPU.Build.0 = Debug|Any CPU
		{4EEE871A-F562-427F-8176-EE7D74599F78}.Ad-Hoc|ARM.ActiveCfg = Debug|Any CPU
		{4EEE871A-F562-427F-8176-EE7D74599F78}.Ad-Hoc|ARM.Build.0 = Debug|Any CPU
		{4EEE871A-F562-427F-8176-EE7D74599F78}.Ad-Hoc|iPhone.ActiveCfg = Debug|Any CPU
		{4EEE871A-F562-427F-8176-EE7D74599F78}.Ad-Hoc|iPhone.Build.0 = Debug|Any CPU
		{4EEE871A-F562-427F-8176-EE7D74599F78}.Ad-Hoc|iPhoneSimulator.ActiveCfg = Debug|Any CPU
		{4EEE871A-F562-427F-8176-EE7D74599F78}.Ad-Hoc|iPhoneSimulator.Build.0 = Debug|Any CPU
		{4EEE871A-F562-427F-8176-EE7D74599F78}.Ad-Hoc|Mixed Platforms.ActiveCfg = Debug|Any CPU
		{4EEE871A-F562-427F-8176-EE7D74599F78}.Ad-Hoc|Mixed Platforms.Build.0 = Debug|Any CPU
		{4EEE871A-F562-427F-8176-EE7D74599F78}.Ad-Hoc|x86.ActiveCfg = Debug|Any CPU
		{4EEE871A-F562-427F-8176-EE7D74599F78}.Ad-Hoc|x86.Build.0 = Debug|Any CPU
		{4EEE871A-F562-427F-8176-EE7D74599F78}.AppStore|Any CPU.ActiveCfg = Debug|Any CPU
		{4EEE871A-F562-427F-8176-EE7D74599F78}.AppStore|Any CPU.Build.0 = Debug|Any CPU
		{4EEE871A-F562-427F-8176-EE7D74599F78}.AppStore|ARM.ActiveCfg = Debug|Any CPU
		{4EEE871A-F562-427F-8176-EE7D74599F78}.AppStore|ARM.Build.0 = Debug|Any CPU
		{4EEE871A-F562-427F-8176-EE7D74599F78}.AppStore|iPhone.ActiveCfg = Debug|Any CPU
		{4EEE871A-F562-427F-8176-EE7D74599F78}.AppStore|iPhone.Build.0 = Debug|Any CPU
		{4EEE871A-F562-427F-8176-EE7D74599F78}.AppStore|iPhoneSimulator.ActiveCfg = Debug|Any CPU
		{4EEE871A-F562-427F-8176-EE7D74599F78}.AppStore|iPhoneSimulator.Build.0 = Debug|Any CPU
		{4EEE871A-F562-427F-8176-EE7D74599F78}.AppStore|Mixed Platforms.ActiveCfg = Debug|Any CPU
		{4EEE871A-F562-427F-8176-EE7D74599F78}.AppStore|Mixed Platforms.Build.0 = Debug|Any CPU
		{4EEE871A-F562-427F-8176-EE7D74599F78}.AppStore|x86.ActiveCfg = Debug|Any CPU
		{4EEE871A-F562-427F-8176-EE7D74599F78}.AppStore|x86.Build.0 = Debug|Any CPU
		{4EEE871A-F562-427F-8176-EE7D74599F78}.Debug|Any CPU.ActiveCfg = Debug|Any CPU
		{4EEE871A-F562-427F-8176-EE7D74599F78}.Debug|Any CPU.Build.0 = Debug|Any CPU
		{4EEE871A-F562-427F-8176-EE7D74599F78}.Debug|ARM.ActiveCfg = Debug|Any CPU
		{4EEE871A-F562-427F-8176-EE7D74599F78}.Debug|ARM.Build.0 = Debug|Any CPU
		{4EEE871A-F562-427F-8176-EE7D74599F78}.Debug|iPhone.ActiveCfg = Debug|Any CPU
		{4EEE871A-F562-427F-8176-EE7D74599F78}.Debug|iPhone.Build.0 = Debug|Any CPU
		{4EEE871A-F562-427F-8176-EE7D74599F78}.Debug|iPhoneSimulator.ActiveCfg = Debug|Any CPU
		{4EEE871A-F562-427F-8176-EE7D74599F78}.Debug|iPhoneSimulator.Build.0 = Debug|Any CPU
		{4EEE871A-F562-427F-8176-EE7D74599F78}.Debug|Mixed Platforms.ActiveCfg = Debug|Any CPU
		{4EEE871A-F562-427F-8176-EE7D74599F78}.Debug|Mixed Platforms.Build.0 = Debug|Any CPU
		{4EEE871A-F562-427F-8176-EE7D74599F78}.Debug|x86.ActiveCfg = Debug|Any CPU
		{4EEE871A-F562-427F-8176-EE7D74599F78}.Debug|x86.Build.0 = Debug|Any CPU
		{4EEE871A-F562-427F-8176-EE7D74599F78}.Release|Any CPU.ActiveCfg = Release|Any CPU
		{4EEE871A-F562-427F-8176-EE7D74599F78}.Release|Any CPU.Build.0 = Release|Any CPU
		{4EEE871A-F562-427F-8176-EE7D74599F78}.Release|ARM.ActiveCfg = Release|Any CPU
		{4EEE871A-F562-427F-8176-EE7D74599F78}.Release|ARM.Build.0 = Release|Any CPU
		{4EEE871A-F562-427F-8176-EE7D74599F78}.Release|iPhone.ActiveCfg = Release|Any CPU
		{4EEE871A-F562-427F-8176-EE7D74599F78}.Release|iPhone.Build.0 = Release|Any CPU
		{4EEE871A-F562-427F-8176-EE7D74599F78}.Release|iPhoneSimulator.ActiveCfg = Release|Any CPU
		{4EEE871A-F562-427F-8176-EE7D74599F78}.Release|iPhoneSimulator.Build.0 = Release|Any CPU
		{4EEE871A-F562-427F-8176-EE7D74599F78}.Release|Mixed Platforms.ActiveCfg = Release|Any CPU
		{4EEE871A-F562-427F-8176-EE7D74599F78}.Release|Mixed Platforms.Build.0 = Release|Any CPU
		{4EEE871A-F562-427F-8176-EE7D74599F78}.Release|x86.ActiveCfg = Release|Any CPU
		{4EEE871A-F562-427F-8176-EE7D74599F78}.Release|x86.Build.0 = Release|Any CPU
		{6CF24A99-33FE-4B43-BDAC-855423DA288D}.Ad-Hoc|Any CPU.ActiveCfg = Ad-Hoc|iPhone
		{6CF24A99-33FE-4B43-BDAC-855423DA288D}.Ad-Hoc|Any CPU.Build.0 = Ad-Hoc|iPhone
		{6CF24A99-33FE-4B43-BDAC-855423DA288D}.Ad-Hoc|ARM.ActiveCfg = Ad-Hoc|iPhone
		{6CF24A99-33FE-4B43-BDAC-855423DA288D}.Ad-Hoc|ARM.Build.0 = Ad-Hoc|iPhone
		{6CF24A99-33FE-4B43-BDAC-855423DA288D}.Ad-Hoc|iPhone.ActiveCfg = Ad-Hoc|iPhone
		{6CF24A99-33FE-4B43-BDAC-855423DA288D}.Ad-Hoc|iPhone.Build.0 = Ad-Hoc|iPhone
		{6CF24A99-33FE-4B43-BDAC-855423DA288D}.Ad-Hoc|iPhoneSimulator.ActiveCfg = Debug|iPhoneSimulator
		{6CF24A99-33FE-4B43-BDAC-855423DA288D}.Ad-Hoc|iPhoneSimulator.Build.0 = Debug|iPhoneSimulator
		{6CF24A99-33FE-4B43-BDAC-855423DA288D}.Ad-Hoc|Mixed Platforms.ActiveCfg = Ad-Hoc|iPhone
		{6CF24A99-33FE-4B43-BDAC-855423DA288D}.Ad-Hoc|Mixed Platforms.Build.0 = Ad-Hoc|iPhone
		{6CF24A99-33FE-4B43-BDAC-855423DA288D}.Ad-Hoc|x86.ActiveCfg = Ad-Hoc|iPhone
		{6CF24A99-33FE-4B43-BDAC-855423DA288D}.Ad-Hoc|x86.Build.0 = Ad-Hoc|iPhone
		{6CF24A99-33FE-4B43-BDAC-855423DA288D}.AppStore|Any CPU.ActiveCfg = AppStore|iPhone
		{6CF24A99-33FE-4B43-BDAC-855423DA288D}.AppStore|Any CPU.Build.0 = AppStore|iPhone
		{6CF24A99-33FE-4B43-BDAC-855423DA288D}.AppStore|ARM.ActiveCfg = AppStore|iPhone
		{6CF24A99-33FE-4B43-BDAC-855423DA288D}.AppStore|ARM.Build.0 = AppStore|iPhone
		{6CF24A99-33FE-4B43-BDAC-855423DA288D}.AppStore|iPhone.ActiveCfg = AppStore|iPhone
		{6CF24A99-33FE-4B43-BDAC-855423DA288D}.AppStore|iPhone.Build.0 = AppStore|iPhone
		{6CF24A99-33FE-4B43-BDAC-855423DA288D}.AppStore|iPhoneSimulator.ActiveCfg = Debug|iPhoneSimulator
		{6CF24A99-33FE-4B43-BDAC-855423DA288D}.AppStore|iPhoneSimulator.Build.0 = Debug|iPhoneSimulator
		{6CF24A99-33FE-4B43-BDAC-855423DA288D}.AppStore|Mixed Platforms.ActiveCfg = AppStore|iPhone
		{6CF24A99-33FE-4B43-BDAC-855423DA288D}.AppStore|Mixed Platforms.Build.0 = AppStore|iPhone
		{6CF24A99-33FE-4B43-BDAC-855423DA288D}.AppStore|x86.ActiveCfg = AppStore|iPhone
		{6CF24A99-33FE-4B43-BDAC-855423DA288D}.AppStore|x86.Build.0 = AppStore|iPhone
		{6CF24A99-33FE-4B43-BDAC-855423DA288D}.Debug|Any CPU.ActiveCfg = Debug|iPhoneSimulator
		{6CF24A99-33FE-4B43-BDAC-855423DA288D}.Debug|Any CPU.Build.0 = Debug|iPhoneSimulator
		{6CF24A99-33FE-4B43-BDAC-855423DA288D}.Debug|ARM.ActiveCfg = Debug|iPhoneSimulator
		{6CF24A99-33FE-4B43-BDAC-855423DA288D}.Debug|ARM.Build.0 = Debug|iPhoneSimulator
		{6CF24A99-33FE-4B43-BDAC-855423DA288D}.Debug|iPhone.ActiveCfg = Debug|iPhone
		{6CF24A99-33FE-4B43-BDAC-855423DA288D}.Debug|iPhone.Build.0 = Debug|iPhone
		{6CF24A99-33FE-4B43-BDAC-855423DA288D}.Debug|iPhoneSimulator.ActiveCfg = Debug|iPhoneSimulator
		{6CF24A99-33FE-4B43-BDAC-855423DA288D}.Debug|iPhoneSimulator.Build.0 = Debug|iPhoneSimulator
		{6CF24A99-33FE-4B43-BDAC-855423DA288D}.Debug|Mixed Platforms.ActiveCfg = Debug|iPhoneSimulator
		{6CF24A99-33FE-4B43-BDAC-855423DA288D}.Debug|Mixed Platforms.Build.0 = Debug|iPhoneSimulator
		{6CF24A99-33FE-4B43-BDAC-855423DA288D}.Debug|x86.ActiveCfg = Debug|iPhoneSimulator
		{6CF24A99-33FE-4B43-BDAC-855423DA288D}.Debug|x86.Build.0 = Debug|iPhoneSimulator
		{6CF24A99-33FE-4B43-BDAC-855423DA288D}.Release|Any CPU.ActiveCfg = Release|iPhoneSimulator
		{6CF24A99-33FE-4B43-BDAC-855423DA288D}.Release|Any CPU.Build.0 = Release|iPhoneSimulator
		{6CF24A99-33FE-4B43-BDAC-855423DA288D}.Release|ARM.ActiveCfg = Release|iPhoneSimulator
		{6CF24A99-33FE-4B43-BDAC-855423DA288D}.Release|ARM.Build.0 = Release|iPhoneSimulator
		{6CF24A99-33FE-4B43-BDAC-855423DA288D}.Release|iPhone.ActiveCfg = Release|iPhone
		{6CF24A99-33FE-4B43-BDAC-855423DA288D}.Release|iPhone.Build.0 = Release|iPhone
		{6CF24A99-33FE-4B43-BDAC-855423DA288D}.Release|iPhoneSimulator.ActiveCfg = Release|iPhoneSimulator
		{6CF24A99-33FE-4B43-BDAC-855423DA288D}.Release|iPhoneSimulator.Build.0 = Release|iPhoneSimulator
		{6CF24A99-33FE-4B43-BDAC-855423DA288D}.Release|Mixed Platforms.ActiveCfg = Release|iPhoneSimulator
		{6CF24A99-33FE-4B43-BDAC-855423DA288D}.Release|Mixed Platforms.Build.0 = Release|iPhoneSimulator
		{6CF24A99-33FE-4B43-BDAC-855423DA288D}.Release|x86.ActiveCfg = Release|iPhoneSimulator
		{6CF24A99-33FE-4B43-BDAC-855423DA288D}.Release|x86.Build.0 = Release|iPhoneSimulator
		{AE367F7F-F6C0-4C6C-B0BB-C24D0EF668FE}.Ad-Hoc|Any CPU.ActiveCfg = Debug|Any CPU
		{AE367F7F-F6C0-4C6C-B0BB-C24D0EF668FE}.Ad-Hoc|Any CPU.Build.0 = Debug|Any CPU
		{AE367F7F-F6C0-4C6C-B0BB-C24D0EF668FE}.Ad-Hoc|ARM.ActiveCfg = Debug|Any CPU
		{AE367F7F-F6C0-4C6C-B0BB-C24D0EF668FE}.Ad-Hoc|ARM.Build.0 = Debug|Any CPU
		{AE367F7F-F6C0-4C6C-B0BB-C24D0EF668FE}.Ad-Hoc|iPhone.ActiveCfg = Debug|Any CPU
		{AE367F7F-F6C0-4C6C-B0BB-C24D0EF668FE}.Ad-Hoc|iPhone.Build.0 = Debug|Any CPU
		{AE367F7F-F6C0-4C6C-B0BB-C24D0EF668FE}.Ad-Hoc|iPhoneSimulator.ActiveCfg = Debug|Any CPU
		{AE367F7F-F6C0-4C6C-B0BB-C24D0EF668FE}.Ad-Hoc|iPhoneSimulator.Build.0 = Debug|Any CPU
		{AE367F7F-F6C0-4C6C-B0BB-C24D0EF668FE}.Ad-Hoc|Mixed Platforms.ActiveCfg = Debug|Any CPU
		{AE367F7F-F6C0-4C6C-B0BB-C24D0EF668FE}.Ad-Hoc|Mixed Platforms.Build.0 = Debug|Any CPU
		{AE367F7F-F6C0-4C6C-B0BB-C24D0EF668FE}.Ad-Hoc|x86.ActiveCfg = Debug|Any CPU
		{AE367F7F-F6C0-4C6C-B0BB-C24D0EF668FE}.Ad-Hoc|x86.Build.0 = Debug|Any CPU
		{AE367F7F-F6C0-4C6C-B0BB-C24D0EF668FE}.AppStore|Any CPU.ActiveCfg = Debug|Any CPU
		{AE367F7F-F6C0-4C6C-B0BB-C24D0EF668FE}.AppStore|Any CPU.Build.0 = Debug|Any CPU
		{AE367F7F-F6C0-4C6C-B0BB-C24D0EF668FE}.AppStore|ARM.ActiveCfg = Debug|Any CPU
		{AE367F7F-F6C0-4C6C-B0BB-C24D0EF668FE}.AppStore|ARM.Build.0 = Debug|Any CPU
		{AE367F7F-F6C0-4C6C-B0BB-C24D0EF668FE}.AppStore|iPhone.ActiveCfg = Debug|Any CPU
		{AE367F7F-F6C0-4C6C-B0BB-C24D0EF668FE}.AppStore|iPhone.Build.0 = Debug|Any CPU
		{AE367F7F-F6C0-4C6C-B0BB-C24D0EF668FE}.AppStore|iPhoneSimulator.ActiveCfg = Debug|Any CPU
		{AE367F7F-F6C0-4C6C-B0BB-C24D0EF668FE}.AppStore|iPhoneSimulator.Build.0 = Debug|Any CPU
		{AE367F7F-F6C0-4C6C-B0BB-C24D0EF668FE}.AppStore|Mixed Platforms.ActiveCfg = Debug|Any CPU
		{AE367F7F-F6C0-4C6C-B0BB-C24D0EF668FE}.AppStore|Mixed Platforms.Build.0 = Debug|Any CPU
		{AE367F7F-F6C0-4C6C-B0BB-C24D0EF668FE}.AppStore|x86.ActiveCfg = Debug|Any CPU
		{AE367F7F-F6C0-4C6C-B0BB-C24D0EF668FE}.AppStore|x86.Build.0 = Debug|Any CPU
		{AE367F7F-F6C0-4C6C-B0BB-C24D0EF668FE}.Debug|Any CPU.ActiveCfg = Debug|Any CPU
		{AE367F7F-F6C0-4C6C-B0BB-C24D0EF668FE}.Debug|Any CPU.Build.0 = Debug|Any CPU
		{AE367F7F-F6C0-4C6C-B0BB-C24D0EF668FE}.Debug|ARM.ActiveCfg = Debug|Any CPU
		{AE367F7F-F6C0-4C6C-B0BB-C24D0EF668FE}.Debug|ARM.Build.0 = Debug|Any CPU
		{AE367F7F-F6C0-4C6C-B0BB-C24D0EF668FE}.Debug|iPhone.ActiveCfg = Debug|Any CPU
		{AE367F7F-F6C0-4C6C-B0BB-C24D0EF668FE}.Debug|iPhone.Build.0 = Debug|Any CPU
		{AE367F7F-F6C0-4C6C-B0BB-C24D0EF668FE}.Debug|iPhoneSimulator.ActiveCfg = Debug|Any CPU
		{AE367F7F-F6C0-4C6C-B0BB-C24D0EF668FE}.Debug|iPhoneSimulator.Build.0 = Debug|Any CPU
		{AE367F7F-F6C0-4C6C-B0BB-C24D0EF668FE}.Debug|Mixed Platforms.ActiveCfg = Debug|Any CPU
		{AE367F7F-F6C0-4C6C-B0BB-C24D0EF668FE}.Debug|Mixed Platforms.Build.0 = Debug|Any CPU
		{AE367F7F-F6C0-4C6C-B0BB-C24D0EF668FE}.Debug|x86.ActiveCfg = Debug|Any CPU
		{AE367F7F-F6C0-4C6C-B0BB-C24D0EF668FE}.Debug|x86.Build.0 = Debug|Any CPU
		{AE367F7F-F6C0-4C6C-B0BB-C24D0EF668FE}.Release|Any CPU.ActiveCfg = Release|Any CPU
		{AE367F7F-F6C0-4C6C-B0BB-C24D0EF668FE}.Release|Any CPU.Build.0 = Release|Any CPU
		{AE367F7F-F6C0-4C6C-B0BB-C24D0EF668FE}.Release|ARM.ActiveCfg = Release|Any CPU
		{AE367F7F-F6C0-4C6C-B0BB-C24D0EF668FE}.Release|ARM.Build.0 = Release|Any CPU
		{AE367F7F-F6C0-4C6C-B0BB-C24D0EF668FE}.Release|iPhone.ActiveCfg = Release|Any CPU
		{AE367F7F-F6C0-4C6C-B0BB-C24D0EF668FE}.Release|iPhone.Build.0 = Release|Any CPU
		{AE367F7F-F6C0-4C6C-B0BB-C24D0EF668FE}.Release|iPhoneSimulator.ActiveCfg = Release|Any CPU
		{AE367F7F-F6C0-4C6C-B0BB-C24D0EF668FE}.Release|iPhoneSimulator.Build.0 = Release|Any CPU
		{AE367F7F-F6C0-4C6C-B0BB-C24D0EF668FE}.Release|Mixed Platforms.ActiveCfg = Release|Any CPU
		{AE367F7F-F6C0-4C6C-B0BB-C24D0EF668FE}.Release|Mixed Platforms.Build.0 = Release|Any CPU
		{AE367F7F-F6C0-4C6C-B0BB-C24D0EF668FE}.Release|x86.ActiveCfg = Release|Any CPU
		{AE367F7F-F6C0-4C6C-B0BB-C24D0EF668FE}.Release|x86.Build.0 = Release|Any CPU
	EndGlobalSection
	GlobalSection(NestedProjects) = preSolution
		{6CF24A99-33FE-4B43-BDAC-855423DA288D} = {8BF682E4-337D-4E7D-9384-439FECEB6279}
		{09159D1D-3A53-403D-B09F-A78393D9FE09} = {8BF682E4-337D-4E7D-9384-439FECEB6279}
		{4EEE871A-F562-427F-8176-EE7D74599F78} = {7B466189-A4FB-4F3D-ADE2-DF68FF3C8953}
	EndGlobalSection
	GlobalSection(MonoDevelopProperties) = preSolution
		StartupItem = Phoneword.Apps\PhonewordXaml.iOS\PhonewordXaml.iOS.csproj
	EndGlobalSection
	GlobalSection(SolutionProperties) = preSolution
		HideSolutionNode = FALSE
	EndGlobalSection
EndGlobal
