
Microsoft Visual Studio Solution File, Format Version 12.00
# Visual Studio 2012
Project("{FAE04EC0-301F-11D3-BF4B-00C04F79EFBC}") = "ExtendingXamarinForms", "ExtendingXamarinForms\ExtendingXamarinForms.csproj", "{10C8DE9C-B3F7-491C-83A4-D6EAC55CF835}"
EndProject
Project("{FAE04EC0-301F-11D3-BF4B-00C04F79EFBC}") = "ExtendingXamarinForms.iOS", "iOS\ExtendingXamarinForms.iOS.csproj", "{799F474D-B3FB-4D05-9E08-A853551F7F40}"
EndProject
Project("{FAE04EC0-301F-11D3-BF4B-00C04F79EFBC}") = "ExtendingXamarinForms.Android", "Android\ExtendingXamarinForms.Android.csproj", "{5FAE6A03-EA9F-499B-BE6B-E847B1E05C7A}"
EndProject
Global
	GlobalSection(SolutionConfigurationPlatforms) = preSolution
		Debug|Any CPU = Debug|Any CPU
		Release|Any CPU = Release|Any CPU
		Debug|iPhoneSimulator = Debug|iPhoneSimulator
		Release|iPhoneSimulator = Release|iPhoneSimulator
		Debug|iPhone = Debug|iPhone
		Release|iPhone = Release|iPhone
		Ad-Hoc|iPhone = Ad-Hoc|iPhone
		AppStore|iPhone = AppStore|iPhone
	EndGlobalSection
	GlobalSection(ProjectConfigurationPlatforms) = postSolution
		{10C8DE9C-B3F7-491C-83A4-D6EAC55CF835}.Ad-Hoc|iPhone.ActiveCfg = Debug|Any CPU
		{10C8DE9C-B3F7-491C-83A4-D6EAC55CF835}.Ad-Hoc|iPhone.Build.0 = Debug|Any CPU
		{10C8DE9C-B3F7-491C-83A4-D6EAC55CF835}.AppStore|iPhone.ActiveCfg = Debug|Any CPU
		{10C8DE9C-B3F7-491C-83A4-D6EAC55CF835}.AppStore|iPhone.Build.0 = Debug|Any CPU
		{10C8DE9C-B3F7-491C-83A4-D6EAC55CF835}.Debug|Any CPU.ActiveCfg = Debug|Any CPU
		{10C8DE9C-B3F7-491C-83A4-D6EAC55CF835}.Debug|Any CPU.Build.0 = Debug|Any CPU
		{10C8DE9C-B3F7-491C-83A4-D6EAC55CF835}.Debug|iPhone.ActiveCfg = Debug|Any CPU
		{10C8DE9C-B3F7-491C-83A4-D6EAC55CF835}.Debug|iPhone.Build.0 = Debug|Any CPU
		{10C8DE9C-B3F7-491C-83A4-D6EAC55CF835}.Debug|iPhoneSimulator.ActiveCfg = Debug|Any CPU
		{10C8DE9C-B3F7-491C-83A4-D6EAC55CF835}.Debug|iPhoneSimulator.Build.0 = Debug|Any CPU
		{10C8DE9C-B3F7-491C-83A4-D6EAC55CF835}.Release|Any CPU.ActiveCfg = Release|Any CPU
		{10C8DE9C-B3F7-491C-83A4-D6EAC55CF835}.Release|Any CPU.Build.0 = Release|Any CPU
		{10C8DE9C-B3F7-491C-83A4-D6EAC55CF835}.Release|iPhone.ActiveCfg = Release|Any CPU
		{10C8DE9C-B3F7-491C-83A4-D6EAC55CF835}.Release|iPhone.Build.0 = Release|Any CPU
		{10C8DE9C-B3F7-491C-83A4-D6EAC55CF835}.Release|iPhoneSimulator.ActiveCfg = Release|Any CPU
		{10C8DE9C-B3F7-491C-83A4-D6EAC55CF835}.Release|iPhoneSimulator.Build.0 = Release|Any CPU
		{5FAE6A03-EA9F-499B-BE6B-E847B1E05C7A}.Ad-Hoc|iPhone.ActiveCfg = Debug|Any CPU
		{5FAE6A03-EA9F-499B-BE6B-E847B1E05C7A}.Ad-Hoc|iPhone.Build.0 = Debug|Any CPU
		{5FAE6A03-EA9F-499B-BE6B-E847B1E05C7A}.AppStore|iPhone.ActiveCfg = Debug|Any CPU
		{5FAE6A03-EA9F-499B-BE6B-E847B1E05C7A}.AppStore|iPhone.Build.0 = Debug|Any CPU
		{5FAE6A03-EA9F-499B-BE6B-E847B1E05C7A}.Debug|Any CPU.ActiveCfg = Debug|Any CPU
		{5FAE6A03-EA9F-499B-BE6B-E847B1E05C7A}.Debug|Any CPU.Build.0 = Debug|Any CPU
		{5FAE6A03-EA9F-499B-BE6B-E847B1E05C7A}.Debug|iPhone.ActiveCfg = Debug|Any CPU
		{5FAE6A03-EA9F-499B-BE6B-E847B1E05C7A}.Debug|iPhone.Build.0 = Debug|Any CPU
		{5FAE6A03-EA9F-499B-BE6B-E847B1E05C7A}.Debug|iPhoneSimulator.ActiveCfg = Debug|Any CPU
		{5FAE6A03-EA9F-499B-BE6B-E847B1E05C7A}.Debug|iPhoneSimulator.Build.0 = Debug|Any CPU
		{5FAE6A03-EA9F-499B-BE6B-E847B1E05C7A}.Release|Any CPU.ActiveCfg = Release|Any CPU
		{5FAE6A03-EA9F-499B-BE6B-E847B1E05C7A}.Release|Any CPU.Build.0 = Release|Any CPU
		{5FAE6A03-EA9F-499B-BE6B-E847B1E05C7A}.Release|iPhone.ActiveCfg = Release|Any CPU
		{5FAE6A03-EA9F-499B-BE6B-E847B1E05C7A}.Release|iPhone.Build.0 = Release|Any CPU
		{5FAE6A03-EA9F-499B-BE6B-E847B1E05C7A}.Release|iPhoneSimulator.ActiveCfg = Release|Any CPU
		{5FAE6A03-EA9F-499B-BE6B-E847B1E05C7A}.Release|iPhoneSimulator.Build.0 = Release|Any CPU
		{799F474D-B3FB-4D05-9E08-A853551F7F40}.Ad-Hoc|iPhone.ActiveCfg = Ad-Hoc|iPhone
		{799F474D-B3FB-4D05-9E08-A853551F7F40}.Ad-Hoc|iPhone.Build.0 = Ad-Hoc|iPhone
		{799F474D-B3FB-4D05-9E08-A853551F7F40}.AppStore|iPhone.ActiveCfg = AppStore|iPhone
		{799F474D-B3FB-4D05-9E08-A853551F7F40}.AppStore|iPhone.Build.0 = AppStore|iPhone
		{799F474D-B3FB-4D05-9E08-A853551F7F40}.Debug|Any CPU.ActiveCfg = Debug|iPhoneSimulator
		{799F474D-B3FB-4D05-9E08-A853551F7F40}.Debug|Any CPU.Build.0 = Debug|iPhoneSimulator
		{799F474D-B3FB-4D05-9E08-A853551F7F40}.Debug|iPhone.ActiveCfg = Debug|iPhone
		{799F474D-B3FB-4D05-9E08-A853551F7F40}.Debug|iPhone.Build.0 = Debug|iPhone
		{799F474D-B3FB-4D05-9E08-A853551F7F40}.Debug|iPhoneSimulator.ActiveCfg = Debug|iPhoneSimulator
		{799F474D-B3FB-4D05-9E08-A853551F7F40}.Debug|iPhoneSimulator.Build.0 = Debug|iPhoneSimulator
		{799F474D-B3FB-4D05-9E08-A853551F7F40}.Release|Any CPU.ActiveCfg = Release|iPhoneSimulator
		{799F474D-B3FB-4D05-9E08-A853551F7F40}.Release|Any CPU.Build.0 = Release|iPhoneSimulator
		{799F474D-B3FB-4D05-9E08-A853551F7F40}.Release|iPhone.ActiveCfg = Release|iPhone
		{799F474D-B3FB-4D05-9E08-A853551F7F40}.Release|iPhone.Build.0 = Release|iPhone
		{799F474D-B3FB-4D05-9E08-A853551F7F40}.Release|iPhoneSimulator.ActiveCfg = Release|iPhoneSimulator
		{799F474D-B3FB-4D05-9E08-A853551F7F40}.Release|iPhoneSimulator.Build.0 = Release|iPhoneSimulator
	EndGlobalSection
	GlobalSection(MonoDevelopProperties) = preSolution
		StartupItem = Android\ExtendingXamarinForms.Android.csproj
	EndGlobalSection
EndGlobal
