
Microsoft Visual Studio Solution File, Format Version 12.00
# Visual Studio 2012
Project("{FAE04EC0-301F-11D3-BF4B-00C04F79EFBC}") = "Xamarin.Publish.iOS", "Xamarin.Publish.iOS\Xamarin.Publish.iOS.csproj", "{B443DC86-4CF5-4478-892E-708EF8B571A5}"
EndProject
Global
	GlobalSection(SolutionConfigurationPlatforms) = preSolution
		Debug|iPhoneSimulator = Debug|iPhoneSimulator
		Release|iPhoneSimulator = Release|iPhoneSimulator
		Debug|iPhone = Debug|iPhone
		Release|iPhone = Release|iPhone
		Ad-Hoc|iPhone = Ad-Hoc|iPhone
		AppStore|iPhone = AppStore|iPhone
	EndGlobalSection
	GlobalSection(ProjectConfigurationPlatforms) = postSolution
		{B443DC86-4CF5-4478-892E-708EF8B571A5}.Ad-Hoc|iPhone.ActiveCfg = Ad-Hoc|iPhone
		{B443DC86-4CF5-4478-892E-708EF8B571A5}.Ad-Hoc|iPhone.Build.0 = Ad-Hoc|iPhone
		{B443DC86-4CF5-4478-892E-708EF8B571A5}.AppStore|iPhone.ActiveCfg = AppStore|iPhone
		{B443DC86-4CF5-4478-892E-708EF8B571A5}.AppStore|iPhone.Build.0 = AppStore|iPhone
		{B443DC86-4CF5-4478-892E-708EF8B571A5}.Debug|iPhone.ActiveCfg = Debug|iPhone
		{B443DC86-4CF5-4478-892E-708EF8B571A5}.Debug|iPhone.Build.0 = Debug|iPhone
		{B443DC86-4CF5-4478-892E-708EF8B571A5}.Debug|iPhoneSimulator.ActiveCfg = Debug|iPhoneSimulator
		{B443DC86-4CF5-4478-892E-708EF8B571A5}.Debug|iPhoneSimulator.Build.0 = Debug|iPhoneSimulator
		{B443DC86-4CF5-4478-892E-708EF8B571A5}.Release|iPhone.ActiveCfg = Release|iPhone
		{B443DC86-4CF5-4478-892E-708EF8B571A5}.Release|iPhone.Build.0 = Release|iPhone
		{B443DC86-4CF5-4478-892E-708EF8B571A5}.Release|iPhoneSimulator.ActiveCfg = Release|iPhoneSimulator
		{B443DC86-4CF5-4478-892E-708EF8B571A5}.Release|iPhoneSimulator.Build.0 = Release|iPhoneSimulator
	EndGlobalSection
	GlobalSection(MonoDevelopProperties) = preSolution
		StartupItem = Xamarin.Publish.iOS\Xamarin.Publish.iOS.csproj
	EndGlobalSection
EndGlobal
