
Microsoft Visual Studio Solution File, Format Version 12.00
# Visual Studio 2012
VisualStudioVersion = 12.0.30110.0
MinimumVisualStudioVersion = 10.0.40219.1
Project("{FAE04EC0-301F-11D3-BF4B-00C04F79EFBC}") = "Xamarin.WebServicesAsync.Soap.Droid", "Xamarin.WebServicesAsync.Soap.Droid\Xamarin.WebServicesAsync.Soap.Droid.csproj", "{32BD66C9-F77E-4544-8A86-1E3A1F12AE7B}"
EndProject
Project("{FAE04EC0-301F-11D3-BF4B-00C04F79EFBC}") = "Xamarin.WebServicesAsync.Soap.iOS", "Xamarin.WebServicesAsync.Soap.iOS\Xamarin.WebServicesAsync.Soap.iOS.csproj", "{D9708448-2FE7-4520-B1EC-EE8CE9B6B955}"
EndProject
Project("{FAE04EC0-301F-11D3-BF4B-00C04F79EFBC}") = "Xamarin.WebServicesAsync.Soap.Core", "Xamarin.WebServicesAsync.SOAP.Core\Xamarin.WebServicesAsync.Soap.Core.csproj", "{4F93EDB5-9E9E-4299-9757-C42E9D5AE78A}"
EndProject
Global
	GlobalSection(SolutionConfigurationPlatforms) = preSolution
		Ad-Hoc|Any CPU = Ad-Hoc|Any CPU
		Ad-Hoc|iPhone = Ad-Hoc|iPhone
		Ad-Hoc|iPhoneSimulator = Ad-Hoc|iPhoneSimulator
		Ad-Hoc|Mixed Platforms = Ad-Hoc|Mixed Platforms
		AppStore|Any CPU = AppStore|Any CPU
		AppStore|iPhone = AppStore|iPhone
		AppStore|iPhoneSimulator = AppStore|iPhoneSimulator
		AppStore|Mixed Platforms = AppStore|Mixed Platforms
		Debug|Any CPU = Debug|Any CPU
		Debug|iPhone = Debug|iPhone
		Debug|iPhoneSimulator = Debug|iPhoneSimulator
		Debug|Mixed Platforms = Debug|Mixed Platforms
		Release|Any CPU = Release|Any CPU
		Release|iPhone = Release|iPhone
		Release|iPhoneSimulator = Release|iPhoneSimulator
		Release|Mixed Platforms = Release|Mixed Platforms
	EndGlobalSection
	GlobalSection(ProjectConfigurationPlatforms) = postSolution
		{32BD66C9-F77E-4544-8A86-1E3A1F12AE7B}.Ad-Hoc|Any CPU.ActiveCfg = Release|Any CPU
		{32BD66C9-F77E-4544-8A86-1E3A1F12AE7B}.Ad-Hoc|Any CPU.Build.0 = Release|Any CPU
		{32BD66C9-F77E-4544-8A86-1E3A1F12AE7B}.Ad-Hoc|Any CPU.Deploy.0 = Release|Any CPU
		{32BD66C9-F77E-4544-8A86-1E3A1F12AE7B}.Ad-Hoc|iPhone.ActiveCfg = Debug|Any CPU
		{32BD66C9-F77E-4544-8A86-1E3A1F12AE7B}.Ad-Hoc|iPhone.Build.0 = Debug|Any CPU
		{32BD66C9-F77E-4544-8A86-1E3A1F12AE7B}.Ad-Hoc|iPhoneSimulator.ActiveCfg = Release|Any CPU
		{32BD66C9-F77E-4544-8A86-1E3A1F12AE7B}.Ad-Hoc|Mixed Platforms.ActiveCfg = Release|Any CPU
		{32BD66C9-F77E-4544-8A86-1E3A1F12AE7B}.Ad-Hoc|Mixed Platforms.Build.0 = Release|Any CPU
		{32BD66C9-F77E-4544-8A86-1E3A1F12AE7B}.Ad-Hoc|Mixed Platforms.Deploy.0 = Release|Any CPU
		{32BD66C9-F77E-4544-8A86-1E3A1F12AE7B}.AppStore|Any CPU.ActiveCfg = Release|Any CPU
		{32BD66C9-F77E-4544-8A86-1E3A1F12AE7B}.AppStore|Any CPU.Build.0 = Release|Any CPU
		{32BD66C9-F77E-4544-8A86-1E3A1F12AE7B}.AppStore|Any CPU.Deploy.0 = Release|Any CPU
		{32BD66C9-F77E-4544-8A86-1E3A1F12AE7B}.AppStore|iPhone.ActiveCfg = Debug|Any CPU
		{32BD66C9-F77E-4544-8A86-1E3A1F12AE7B}.AppStore|iPhone.Build.0 = Debug|Any CPU
		{32BD66C9-F77E-4544-8A86-1E3A1F12AE7B}.AppStore|iPhoneSimulator.ActiveCfg = Release|Any CPU
		{32BD66C9-F77E-4544-8A86-1E3A1F12AE7B}.AppStore|Mixed Platforms.ActiveCfg = Release|Any CPU
		{32BD66C9-F77E-4544-8A86-1E3A1F12AE7B}.AppStore|Mixed Platforms.Build.0 = Release|Any CPU
		{32BD66C9-F77E-4544-8A86-1E3A1F12AE7B}.AppStore|Mixed Platforms.Deploy.0 = Release|Any CPU
		{32BD66C9-F77E-4544-8A86-1E3A1F12AE7B}.Debug|Any CPU.ActiveCfg = Debug|Any CPU
		{32BD66C9-F77E-4544-8A86-1E3A1F12AE7B}.Debug|Any CPU.Build.0 = Debug|Any CPU
		{32BD66C9-F77E-4544-8A86-1E3A1F12AE7B}.Debug|Any CPU.Deploy.0 = Debug|Any CPU
		{32BD66C9-F77E-4544-8A86-1E3A1F12AE7B}.Debug|iPhone.ActiveCfg = Debug|Any CPU
		{32BD66C9-F77E-4544-8A86-1E3A1F12AE7B}.Debug|iPhone.Build.0 = Debug|Any CPU
		{32BD66C9-F77E-4544-8A86-1E3A1F12AE7B}.Debug|iPhone.Deploy.0 = Debug|Any CPU
		{32BD66C9-F77E-4544-8A86-1E3A1F12AE7B}.Debug|iPhoneSimulator.ActiveCfg = Debug|Any CPU
		{32BD66C9-F77E-4544-8A86-1E3A1F12AE7B}.Debug|iPhoneSimulator.Build.0 = Debug|Any CPU
		{32BD66C9-F77E-4544-8A86-1E3A1F12AE7B}.Debug|iPhoneSimulator.Deploy.0 = Debug|Any CPU
		{32BD66C9-F77E-4544-8A86-1E3A1F12AE7B}.Debug|Mixed Platforms.ActiveCfg = Debug|Any CPU
		{32BD66C9-F77E-4544-8A86-1E3A1F12AE7B}.Debug|Mixed Platforms.Build.0 = Debug|Any CPU
		{32BD66C9-F77E-4544-8A86-1E3A1F12AE7B}.Debug|Mixed Platforms.Deploy.0 = Debug|Any CPU
		{32BD66C9-F77E-4544-8A86-1E3A1F12AE7B}.Release|Any CPU.ActiveCfg = Release|Any CPU
		{32BD66C9-F77E-4544-8A86-1E3A1F12AE7B}.Release|Any CPU.Build.0 = Release|Any CPU
		{32BD66C9-F77E-4544-8A86-1E3A1F12AE7B}.Release|iPhone.ActiveCfg = Release|Any CPU
		{32BD66C9-F77E-4544-8A86-1E3A1F12AE7B}.Release|iPhone.Build.0 = Release|Any CPU
		{32BD66C9-F77E-4544-8A86-1E3A1F12AE7B}.Release|iPhoneSimulator.ActiveCfg = Release|Any CPU
		{32BD66C9-F77E-4544-8A86-1E3A1F12AE7B}.Release|iPhoneSimulator.Build.0 = Release|Any CPU
		{32BD66C9-F77E-4544-8A86-1E3A1F12AE7B}.Release|Mixed Platforms.ActiveCfg = Release|Any CPU
		{32BD66C9-F77E-4544-8A86-1E3A1F12AE7B}.Release|Mixed Platforms.Build.0 = Release|Any CPU
		{32BD66C9-F77E-4544-8A86-1E3A1F12AE7B}.Release|Mixed Platforms.Deploy.0 = Release|Any CPU
		{4F93EDB5-9E9E-4299-9757-C42E9D5AE78A}.Ad-Hoc|Any CPU.ActiveCfg = Release|Any CPU
		{4F93EDB5-9E9E-4299-9757-C42E9D5AE78A}.Ad-Hoc|Any CPU.Build.0 = Release|Any CPU
		{4F93EDB5-9E9E-4299-9757-C42E9D5AE78A}.Ad-Hoc|iPhone.ActiveCfg = Debug|Any CPU
		{4F93EDB5-9E9E-4299-9757-C42E9D5AE78A}.Ad-Hoc|iPhone.Build.0 = Debug|Any CPU
		{4F93EDB5-9E9E-4299-9757-C42E9D5AE78A}.Ad-Hoc|iPhoneSimulator.ActiveCfg = Release|Any CPU
		{4F93EDB5-9E9E-4299-9757-C42E9D5AE78A}.Ad-Hoc|iPhoneSimulator.Build.0 = Release|Any CPU
		{4F93EDB5-9E9E-4299-9757-C42E9D5AE78A}.Ad-Hoc|Mixed Platforms.ActiveCfg = Debug|Any CPU
		{4F93EDB5-9E9E-4299-9757-C42E9D5AE78A}.Ad-Hoc|Mixed Platforms.Build.0 = Debug|Any CPU
		{4F93EDB5-9E9E-4299-9757-C42E9D5AE78A}.AppStore|Any CPU.ActiveCfg = Release|Any CPU
		{4F93EDB5-9E9E-4299-9757-C42E9D5AE78A}.AppStore|Any CPU.Build.0 = Release|Any CPU
		{4F93EDB5-9E9E-4299-9757-C42E9D5AE78A}.AppStore|iPhone.ActiveCfg = Debug|Any CPU
		{4F93EDB5-9E9E-4299-9757-C42E9D5AE78A}.AppStore|iPhone.Build.0 = Debug|Any CPU
		{4F93EDB5-9E9E-4299-9757-C42E9D5AE78A}.AppStore|iPhoneSimulator.ActiveCfg = Release|Any CPU
		{4F93EDB5-9E9E-4299-9757-C42E9D5AE78A}.AppStore|iPhoneSimulator.Build.0 = Release|Any CPU
		{4F93EDB5-9E9E-4299-9757-C42E9D5AE78A}.AppStore|Mixed Platforms.ActiveCfg = Debug|Any CPU
		{4F93EDB5-9E9E-4299-9757-C42E9D5AE78A}.AppStore|Mixed Platforms.Build.0 = Debug|Any CPU
		{4F93EDB5-9E9E-4299-9757-C42E9D5AE78A}.Debug|Any CPU.ActiveCfg = Debug|Any CPU
		{4F93EDB5-9E9E-4299-9757-C42E9D5AE78A}.Debug|Any CPU.Build.0 = Debug|Any CPU
		{4F93EDB5-9E9E-4299-9757-C42E9D5AE78A}.Debug|iPhone.ActiveCfg = Debug|Any CPU
		{4F93EDB5-9E9E-4299-9757-C42E9D5AE78A}.Debug|iPhone.Build.0 = Debug|Any CPU
		{4F93EDB5-9E9E-4299-9757-C42E9D5AE78A}.Debug|iPhoneSimulator.ActiveCfg = Debug|Any CPU
		{4F93EDB5-9E9E-4299-9757-C42E9D5AE78A}.Debug|iPhoneSimulator.Build.0 = Debug|Any CPU
		{4F93EDB5-9E9E-4299-9757-C42E9D5AE78A}.Debug|Mixed Platforms.ActiveCfg = Debug|Any CPU
		{4F93EDB5-9E9E-4299-9757-C42E9D5AE78A}.Debug|Mixed Platforms.Build.0 = Debug|Any CPU
		{4F93EDB5-9E9E-4299-9757-C42E9D5AE78A}.Release|Any CPU.ActiveCfg = Release|Any CPU
		{4F93EDB5-9E9E-4299-9757-C42E9D5AE78A}.Release|Any CPU.Build.0 = Release|Any CPU
		{4F93EDB5-9E9E-4299-9757-C42E9D5AE78A}.Release|iPhone.ActiveCfg = Release|Any CPU
		{4F93EDB5-9E9E-4299-9757-C42E9D5AE78A}.Release|iPhone.Build.0 = Release|Any CPU
		{4F93EDB5-9E9E-4299-9757-C42E9D5AE78A}.Release|iPhoneSimulator.ActiveCfg = Release|Any CPU
		{4F93EDB5-9E9E-4299-9757-C42E9D5AE78A}.Release|iPhoneSimulator.Build.0 = Release|Any CPU
		{4F93EDB5-9E9E-4299-9757-C42E9D5AE78A}.Release|Mixed Platforms.ActiveCfg = Release|Any CPU
		{4F93EDB5-9E9E-4299-9757-C42E9D5AE78A}.Release|Mixed Platforms.Build.0 = Release|Any CPU
		{D9708448-2FE7-4520-B1EC-EE8CE9B6B955}.Ad-Hoc|Any CPU.ActiveCfg = Ad-Hoc|iPhoneSimulator
		{D9708448-2FE7-4520-B1EC-EE8CE9B6B955}.Ad-Hoc|iPhone.ActiveCfg = Ad-Hoc|iPhone
		{D9708448-2FE7-4520-B1EC-EE8CE9B6B955}.Ad-Hoc|iPhone.Build.0 = Ad-Hoc|iPhone
		{D9708448-2FE7-4520-B1EC-EE8CE9B6B955}.Ad-Hoc|iPhoneSimulator.ActiveCfg = Ad-Hoc|iPhoneSimulator
		{D9708448-2FE7-4520-B1EC-EE8CE9B6B955}.Ad-Hoc|iPhoneSimulator.Build.0 = Ad-Hoc|iPhoneSimulator
		{D9708448-2FE7-4520-B1EC-EE8CE9B6B955}.Ad-Hoc|Mixed Platforms.ActiveCfg = Ad-Hoc|iPhone
		{D9708448-2FE7-4520-B1EC-EE8CE9B6B955}.Ad-Hoc|Mixed Platforms.Build.0 = Ad-Hoc|iPhone
		{D9708448-2FE7-4520-B1EC-EE8CE9B6B955}.Ad-Hoc|Mixed Platforms.Deploy.0 = Ad-Hoc|iPhone
		{D9708448-2FE7-4520-B1EC-EE8CE9B6B955}.AppStore|Any CPU.ActiveCfg = AppStore|iPhoneSimulator
		{D9708448-2FE7-4520-B1EC-EE8CE9B6B955}.AppStore|iPhone.ActiveCfg = AppStore|iPhone
		{D9708448-2FE7-4520-B1EC-EE8CE9B6B955}.AppStore|iPhone.Build.0 = AppStore|iPhone
		{D9708448-2FE7-4520-B1EC-EE8CE9B6B955}.AppStore|iPhoneSimulator.ActiveCfg = AppStore|iPhoneSimulator
		{D9708448-2FE7-4520-B1EC-EE8CE9B6B955}.AppStore|iPhoneSimulator.Build.0 = AppStore|iPhoneSimulator
		{D9708448-2FE7-4520-B1EC-EE8CE9B6B955}.AppStore|Mixed Platforms.ActiveCfg = AppStore|iPhone
		{D9708448-2FE7-4520-B1EC-EE8CE9B6B955}.AppStore|Mixed Platforms.Build.0 = AppStore|iPhone
		{D9708448-2FE7-4520-B1EC-EE8CE9B6B955}.AppStore|Mixed Platforms.Deploy.0 = AppStore|iPhone
		{D9708448-2FE7-4520-B1EC-EE8CE9B6B955}.Debug|Any CPU.ActiveCfg = Debug|iPhoneSimulator
		{D9708448-2FE7-4520-B1EC-EE8CE9B6B955}.Debug|Any CPU.Build.0 = Debug|iPhoneSimulator
		{D9708448-2FE7-4520-B1EC-EE8CE9B6B955}.Debug|Any CPU.Deploy.0 = Debug|iPhoneSimulator
		{D9708448-2FE7-4520-B1EC-EE8CE9B6B955}.Debug|iPhone.ActiveCfg = Debug|iPhone
		{D9708448-2FE7-4520-B1EC-EE8CE9B6B955}.Debug|iPhone.Build.0 = Debug|iPhone
		{D9708448-2FE7-4520-B1EC-EE8CE9B6B955}.Debug|iPhone.Deploy.0 = Debug|iPhone
		{D9708448-2FE7-4520-B1EC-EE8CE9B6B955}.Debug|iPhoneSimulator.ActiveCfg = Debug|iPhoneSimulator
		{D9708448-2FE7-4520-B1EC-EE8CE9B6B955}.Debug|iPhoneSimulator.Build.0 = Debug|iPhoneSimulator
		{D9708448-2FE7-4520-B1EC-EE8CE9B6B955}.Debug|iPhoneSimulator.Deploy.0 = Debug|iPhoneSimulator
		{D9708448-2FE7-4520-B1EC-EE8CE9B6B955}.Debug|Mixed Platforms.ActiveCfg = Debug|iPhoneSimulator
		{D9708448-2FE7-4520-B1EC-EE8CE9B6B955}.Debug|Mixed Platforms.Build.0 = Debug|iPhoneSimulator
		{D9708448-2FE7-4520-B1EC-EE8CE9B6B955}.Debug|Mixed Platforms.Deploy.0 = Debug|iPhoneSimulator
		{D9708448-2FE7-4520-B1EC-EE8CE9B6B955}.Release|Any CPU.ActiveCfg = Release|iPhoneSimulator
		{D9708448-2FE7-4520-B1EC-EE8CE9B6B955}.Release|Any CPU.Build.0 = Release|iPhoneSimulator
		{D9708448-2FE7-4520-B1EC-EE8CE9B6B955}.Release|iPhone.ActiveCfg = Release|iPhone
		{D9708448-2FE7-4520-B1EC-EE8CE9B6B955}.Release|iPhone.Build.0 = Release|iPhone
		{D9708448-2FE7-4520-B1EC-EE8CE9B6B955}.Release|iPhoneSimulator.ActiveCfg = Release|iPhoneSimulator
		{D9708448-2FE7-4520-B1EC-EE8CE9B6B955}.Release|iPhoneSimulator.Build.0 = Release|iPhoneSimulator
		{D9708448-2FE7-4520-B1EC-EE8CE9B6B955}.Release|Mixed Platforms.ActiveCfg = Release|iPhone
		{D9708448-2FE7-4520-B1EC-EE8CE9B6B955}.Release|Mixed Platforms.Build.0 = Release|iPhone
		{D9708448-2FE7-4520-B1EC-EE8CE9B6B955}.Release|Mixed Platforms.Deploy.0 = Release|iPhone
	EndGlobalSection
	GlobalSection(MonoDevelopProperties) = preSolution
		StartupItem = Xamarin.WebServicesAsync.Soap.iOS\Xamarin.WebServicesAsync.Soap.iOS.csproj
	EndGlobalSection
	GlobalSection(SolutionProperties) = preSolution
		HideSolutionNode = FALSE
	EndGlobalSection
EndGlobal
