
Microsoft Visual Studio Solution File, Format Version 12.00
# Visual Studio 2012
VisualStudioVersion = 12.0.30723.0
MinimumVisualStudioVersion = 10.0.40219.1
Project("{FAE04EC0-301F-11D3-BF4B-00C04F79EFBC}") = "FormsNavPatterns", "FormsNavPatterns\FormsNavPatterns\FormsNavPatterns.csproj", "{BC1FBF75-111D-4480-92B3-F03967656D6B}"
EndProject
Project("{FAE04EC0-301F-11D3-BF4B-00C04F79EFBC}") = "FormsNavPatterns.iOS", "FormsNavPatterns\FormsNavPatterns.iOS\FormsNavPatterns.iOS.csproj", "{6D7C8185-912B-4E8D-AAC4-A5841CFD65F7}"
EndProject
Project("{FAE04EC0-301F-11D3-BF4B-00C04F79EFBC}") = "FormsNavPatterns.Android", "FormsNavPatterns\FormsNavPatterns.Android\FormsNavPatterns.Android.csproj", "{2E6345BC-1625-42DE-B05F-29759083112C}"
EndProject
Project("{FAE04EC0-301F-11D3-BF4B-00C04F79EFBC}") = "FormsNavPatterns.WinPhone", "FormsNavPatterns\FormsNavPatterns.WinPhone\FormsNavPatterns.WinPhone.csproj", "{BB5D58C8-9079-4346-B202-4F81C6C3C822}"
EndProject
Global
	GlobalSection(SolutionConfigurationPlatforms) = preSolution
		Ad-Hoc|Any CPU = Ad-Hoc|Any CPU
		Ad-Hoc|ARM = Ad-Hoc|ARM
		Ad-Hoc|iPhone = Ad-Hoc|iPhone
		Ad-Hoc|iPhoneSimulator = Ad-Hoc|iPhoneSimulator
		Ad-Hoc|Mixed Platforms = Ad-Hoc|Mixed Platforms
		Ad-Hoc|x86 = Ad-Hoc|x86
		AppStore|Any CPU = AppStore|Any CPU
		AppStore|ARM = AppStore|ARM
		AppStore|iPhone = AppStore|iPhone
		AppStore|iPhoneSimulator = AppStore|iPhoneSimulator
		AppStore|Mixed Platforms = AppStore|Mixed Platforms
		AppStore|x86 = AppStore|x86
		Debug|Any CPU = Debug|Any CPU
		Debug|ARM = Debug|ARM
		Debug|iPhone = Debug|iPhone
		Debug|iPhoneSimulator = Debug|iPhoneSimulator
		Debug|Mixed Platforms = Debug|Mixed Platforms
		Debug|x86 = Debug|x86
		Release|Any CPU = Release|Any CPU
		Release|ARM = Release|ARM
		Release|iPhone = Release|iPhone
		Release|iPhoneSimulator = Release|iPhoneSimulator
		Release|Mixed Platforms = Release|Mixed Platforms
		Release|x86 = Release|x86
	EndGlobalSection
	GlobalSection(ProjectConfigurationPlatforms) = postSolution
		{2E6345BC-1625-42DE-B05F-29759083112C}.Ad-Hoc|Any CPU.ActiveCfg = Release|Any CPU
		{2E6345BC-1625-42DE-B05F-29759083112C}.Ad-Hoc|Any CPU.Build.0 = Release|Any CPU
		{2E6345BC-1625-42DE-B05F-29759083112C}.Ad-Hoc|Any CPU.Deploy.0 = Release|Any CPU
		{2E6345BC-1625-42DE-B05F-29759083112C}.Ad-Hoc|ARM.ActiveCfg = Release|Any CPU
		{2E6345BC-1625-42DE-B05F-29759083112C}.Ad-Hoc|iPhone.ActiveCfg = Release|Any CPU
		{2E6345BC-1625-42DE-B05F-29759083112C}.Ad-Hoc|iPhoneSimulator.ActiveCfg = Release|Any CPU
		{2E6345BC-1625-42DE-B05F-29759083112C}.Ad-Hoc|Mixed Platforms.ActiveCfg = Release|Any CPU
		{2E6345BC-1625-42DE-B05F-29759083112C}.Ad-Hoc|Mixed Platforms.Build.0 = Release|Any CPU
		{2E6345BC-1625-42DE-B05F-29759083112C}.Ad-Hoc|Mixed Platforms.Deploy.0 = Release|Any CPU
		{2E6345BC-1625-42DE-B05F-29759083112C}.Ad-Hoc|x86.ActiveCfg = Release|Any CPU
		{2E6345BC-1625-42DE-B05F-29759083112C}.AppStore|Any CPU.ActiveCfg = Release|Any CPU
		{2E6345BC-1625-42DE-B05F-29759083112C}.AppStore|Any CPU.Build.0 = Release|Any CPU
		{2E6345BC-1625-42DE-B05F-29759083112C}.AppStore|Any CPU.Deploy.0 = Release|Any CPU
		{2E6345BC-1625-42DE-B05F-29759083112C}.AppStore|ARM.ActiveCfg = Release|Any CPU
		{2E6345BC-1625-42DE-B05F-29759083112C}.AppStore|iPhone.ActiveCfg = Release|Any CPU
		{2E6345BC-1625-42DE-B05F-29759083112C}.AppStore|iPhoneSimulator.ActiveCfg = Release|Any CPU
		{2E6345BC-1625-42DE-B05F-29759083112C}.AppStore|Mixed Platforms.ActiveCfg = Release|Any CPU
		{2E6345BC-1625-42DE-B05F-29759083112C}.AppStore|Mixed Platforms.Build.0 = Release|Any CPU
		{2E6345BC-1625-42DE-B05F-29759083112C}.AppStore|Mixed Platforms.Deploy.0 = Release|Any CPU
		{2E6345BC-1625-42DE-B05F-29759083112C}.AppStore|x86.ActiveCfg = Release|Any CPU
		{2E6345BC-1625-42DE-B05F-29759083112C}.Debug|Any CPU.ActiveCfg = Debug|Any CPU
		{2E6345BC-1625-42DE-B05F-29759083112C}.Debug|Any CPU.Build.0 = Debug|Any CPU
		{2E6345BC-1625-42DE-B05F-29759083112C}.Debug|Any CPU.Deploy.0 = Debug|Any CPU
		{2E6345BC-1625-42DE-B05F-29759083112C}.Debug|ARM.ActiveCfg = Debug|Any CPU
		{2E6345BC-1625-42DE-B05F-29759083112C}.Debug|iPhone.ActiveCfg = Debug|Any CPU
		{2E6345BC-1625-42DE-B05F-29759083112C}.Debug|iPhoneSimulator.ActiveCfg = Debug|Any CPU
		{2E6345BC-1625-42DE-B05F-29759083112C}.Debug|iPhoneSimulator.Build.0 = Debug|Any CPU
		{2E6345BC-1625-42DE-B05F-29759083112C}.Debug|Mixed Platforms.ActiveCfg = Debug|Any CPU
		{2E6345BC-1625-42DE-B05F-29759083112C}.Debug|Mixed Platforms.Build.0 = Debug|Any CPU
		{2E6345BC-1625-42DE-B05F-29759083112C}.Debug|Mixed Platforms.Deploy.0 = Debug|Any CPU
		{2E6345BC-1625-42DE-B05F-29759083112C}.Debug|x86.ActiveCfg = Debug|Any CPU
		{2E6345BC-1625-42DE-B05F-29759083112C}.Release|Any CPU.ActiveCfg = Release|Any CPU
		{2E6345BC-1625-42DE-B05F-29759083112C}.Release|Any CPU.Build.0 = Release|Any CPU
		{2E6345BC-1625-42DE-B05F-29759083112C}.Release|Any CPU.Deploy.0 = Release|Any CPU
		{2E6345BC-1625-42DE-B05F-29759083112C}.Release|ARM.ActiveCfg = Release|Any CPU
		{2E6345BC-1625-42DE-B05F-29759083112C}.Release|iPhone.ActiveCfg = Release|Any CPU
		{2E6345BC-1625-42DE-B05F-29759083112C}.Release|iPhoneSimulator.ActiveCfg = Release|Any CPU
		{2E6345BC-1625-42DE-B05F-29759083112C}.Release|Mixed Platforms.ActiveCfg = Release|Any CPU
		{2E6345BC-1625-42DE-B05F-29759083112C}.Release|Mixed Platforms.Build.0 = Release|Any CPU
		{2E6345BC-1625-42DE-B05F-29759083112C}.Release|Mixed Platforms.Deploy.0 = Release|Any CPU
		{2E6345BC-1625-42DE-B05F-29759083112C}.Release|x86.ActiveCfg = Release|Any CPU
		{6D7C8185-912B-4E8D-AAC4-A5841CFD65F7}.Ad-Hoc|Any CPU.ActiveCfg = Ad-Hoc|iPhone
		{6D7C8185-912B-4E8D-AAC4-A5841CFD65F7}.Ad-Hoc|ARM.ActiveCfg = Ad-Hoc|iPhone
		{6D7C8185-912B-4E8D-AAC4-A5841CFD65F7}.Ad-Hoc|iPhone.ActiveCfg = Ad-Hoc|iPhone
		{6D7C8185-912B-4E8D-AAC4-A5841CFD65F7}.Ad-Hoc|iPhone.Build.0 = Ad-Hoc|iPhone
		{6D7C8185-912B-4E8D-AAC4-A5841CFD65F7}.Ad-Hoc|iPhoneSimulator.ActiveCfg = Ad-Hoc|iPhoneSimulator
		{6D7C8185-912B-4E8D-AAC4-A5841CFD65F7}.Ad-Hoc|iPhoneSimulator.Build.0 = Ad-Hoc|iPhoneSimulator
		{6D7C8185-912B-4E8D-AAC4-A5841CFD65F7}.Ad-Hoc|Mixed Platforms.ActiveCfg = Ad-Hoc|iPhone
		{6D7C8185-912B-4E8D-AAC4-A5841CFD65F7}.Ad-Hoc|Mixed Platforms.Build.0 = Ad-Hoc|iPhone
		{6D7C8185-912B-4E8D-AAC4-A5841CFD65F7}.Ad-Hoc|x86.ActiveCfg = Ad-Hoc|iPhone
		{6D7C8185-912B-4E8D-AAC4-A5841CFD65F7}.AppStore|Any CPU.ActiveCfg = AppStore|iPhone
		{6D7C8185-912B-4E8D-AAC4-A5841CFD65F7}.AppStore|ARM.ActiveCfg = AppStore|iPhone
		{6D7C8185-912B-4E8D-AAC4-A5841CFD65F7}.AppStore|iPhone.ActiveCfg = AppStore|iPhone
		{6D7C8185-912B-4E8D-AAC4-A5841CFD65F7}.AppStore|iPhone.Build.0 = AppStore|iPhone
		{6D7C8185-912B-4E8D-AAC4-A5841CFD65F7}.AppStore|iPhoneSimulator.ActiveCfg = AppStore|iPhoneSimulator
		{6D7C8185-912B-4E8D-AAC4-A5841CFD65F7}.AppStore|iPhoneSimulator.Build.0 = AppStore|iPhoneSimulator
		{6D7C8185-912B-4E8D-AAC4-A5841CFD65F7}.AppStore|Mixed Platforms.ActiveCfg = AppStore|iPhone
		{6D7C8185-912B-4E8D-AAC4-A5841CFD65F7}.AppStore|Mixed Platforms.Build.0 = AppStore|iPhone
		{6D7C8185-912B-4E8D-AAC4-A5841CFD65F7}.AppStore|x86.ActiveCfg = AppStore|iPhone
		{6D7C8185-912B-4E8D-AAC4-A5841CFD65F7}.Debug|Any CPU.ActiveCfg = Debug|iPhone
		{6D7C8185-912B-4E8D-AAC4-A5841CFD65F7}.Debug|Any CPU.Build.0 = Debug|iPhone
		{6D7C8185-912B-4E8D-AAC4-A5841CFD65F7}.Debug|ARM.ActiveCfg = Debug|iPhone
		{6D7C8185-912B-4E8D-AAC4-A5841CFD65F7}.Debug|iPhone.ActiveCfg = Debug|iPhone
		{6D7C8185-912B-4E8D-AAC4-A5841CFD65F7}.Debug|iPhone.Build.0 = Debug|iPhone
		{6D7C8185-912B-4E8D-AAC4-A5841CFD65F7}.Debug|iPhoneSimulator.ActiveCfg = Debug|iPhoneSimulator
		{6D7C8185-912B-4E8D-AAC4-A5841CFD65F7}.Debug|iPhoneSimulator.Build.0 = Debug|iPhoneSimulator
		{6D7C8185-912B-4E8D-AAC4-A5841CFD65F7}.Debug|Mixed Platforms.ActiveCfg = Debug|iPhone
		{6D7C8185-912B-4E8D-AAC4-A5841CFD65F7}.Debug|Mixed Platforms.Build.0 = Debug|iPhone
		{6D7C8185-912B-4E8D-AAC4-A5841CFD65F7}.Debug|x86.ActiveCfg = Debug|iPhone
		{6D7C8185-912B-4E8D-AAC4-A5841CFD65F7}.Release|Any CPU.ActiveCfg = Release|iPhone
		{6D7C8185-912B-4E8D-AAC4-A5841CFD65F7}.Release|ARM.ActiveCfg = Release|iPhone
		{6D7C8185-912B-4E8D-AAC4-A5841CFD65F7}.Release|iPhone.ActiveCfg = Release|iPhone
		{6D7C8185-912B-4E8D-AAC4-A5841CFD65F7}.Release|iPhone.Build.0 = Release|iPhone
		{6D7C8185-912B-4E8D-AAC4-A5841CFD65F7}.Release|iPhoneSimulator.ActiveCfg = Release|iPhoneSimulator
		{6D7C8185-912B-4E8D-AAC4-A5841CFD65F7}.Release|iPhoneSimulator.Build.0 = Release|iPhoneSimulator
		{6D7C8185-912B-4E8D-AAC4-A5841CFD65F7}.Release|Mixed Platforms.ActiveCfg = Release|iPhone
		{6D7C8185-912B-4E8D-AAC4-A5841CFD65F7}.Release|Mixed Platforms.Build.0 = Release|iPhone
		{6D7C8185-912B-4E8D-AAC4-A5841CFD65F7}.Release|x86.ActiveCfg = Release|iPhone
		{BB5D58C8-9079-4346-B202-4F81C6C3C822}.Ad-Hoc|Any CPU.ActiveCfg = Release|Any CPU
		{BB5D58C8-9079-4346-B202-4F81C6C3C822}.Ad-Hoc|Any CPU.Build.0 = Release|Any CPU
		{BB5D58C8-9079-4346-B202-4F81C6C3C822}.Ad-Hoc|Any CPU.Deploy.0 = Release|Any CPU
		{BB5D58C8-9079-4346-B202-4F81C6C3C822}.Ad-Hoc|ARM.ActiveCfg = Release|ARM
		{BB5D58C8-9079-4346-B202-4F81C6C3C822}.Ad-Hoc|ARM.Build.0 = Release|ARM
		{BB5D58C8-9079-4346-B202-4F81C6C3C822}.Ad-Hoc|ARM.Deploy.0 = Release|ARM
		{BB5D58C8-9079-4346-B202-4F81C6C3C822}.Ad-Hoc|iPhone.ActiveCfg = Release|Any CPU
		{BB5D58C8-9079-4346-B202-4F81C6C3C822}.Ad-Hoc|iPhoneSimulator.ActiveCfg = Release|Any CPU
		{BB5D58C8-9079-4346-B202-4F81C6C3C822}.Ad-Hoc|Mixed Platforms.ActiveCfg = Release|x86
		{BB5D58C8-9079-4346-B202-4F81C6C3C822}.Ad-Hoc|Mixed Platforms.Build.0 = Release|x86
		{BB5D58C8-9079-4346-B202-4F81C6C3C822}.Ad-Hoc|Mixed Platforms.Deploy.0 = Release|x86
		{BB5D58C8-9079-4346-B202-4F81C6C3C822}.Ad-Hoc|x86.ActiveCfg = Release|x86
		{BB5D58C8-9079-4346-B202-4F81C6C3C822}.Ad-Hoc|x86.Build.0 = Release|x86
		{BB5D58C8-9079-4346-B202-4F81C6C3C822}.Ad-Hoc|x86.Deploy.0 = Release|x86
		{BB5D58C8-9079-4346-B202-4F81C6C3C822}.AppStore|Any CPU.ActiveCfg = Release|Any CPU
		{BB5D58C8-9079-4346-B202-4F81C6C3C822}.AppStore|Any CPU.Build.0 = Release|Any CPU
		{BB5D58C8-9079-4346-B202-4F81C6C3C822}.AppStore|Any CPU.Deploy.0 = Release|Any CPU
		{BB5D58C8-9079-4346-B202-4F81C6C3C822}.AppStore|ARM.ActiveCfg = Release|ARM
		{BB5D58C8-9079-4346-B202-4F81C6C3C822}.AppStore|ARM.Build.0 = Release|ARM
		{BB5D58C8-9079-4346-B202-4F81C6C3C822}.AppStore|ARM.Deploy.0 = Release|ARM
		{BB5D58C8-9079-4346-B202-4F81C6C3C822}.AppStore|iPhone.ActiveCfg = Release|Any CPU
		{BB5D58C8-9079-4346-B202-4F81C6C3C822}.AppStore|iPhoneSimulator.ActiveCfg = Release|Any CPU
		{BB5D58C8-9079-4346-B202-4F81C6C3C822}.AppStore|Mixed Platforms.ActiveCfg = Release|x86
		{BB5D58C8-9079-4346-B202-4F81C6C3C822}.AppStore|Mixed Platforms.Build.0 = Release|x86
		{BB5D58C8-9079-4346-B202-4F81C6C3C822}.AppStore|Mixed Platforms.Deploy.0 = Release|x86
		{BB5D58C8-9079-4346-B202-4F81C6C3C822}.AppStore|x86.ActiveCfg = Release|x86
		{BB5D58C8-9079-4346-B202-4F81C6C3C822}.AppStore|x86.Build.0 = Release|x86
		{BB5D58C8-9079-4346-B202-4F81C6C3C822}.AppStore|x86.Deploy.0 = Release|x86
		{BB5D58C8-9079-4346-B202-4F81C6C3C822}.Debug|Any CPU.ActiveCfg = Debug|Any CPU
		{BB5D58C8-9079-4346-B202-4F81C6C3C822}.Debug|Any CPU.Build.0 = Debug|Any CPU
		{BB5D58C8-9079-4346-B202-4F81C6C3C822}.Debug|Any CPU.Deploy.0 = Debug|Any CPU
		{BB5D58C8-9079-4346-B202-4F81C6C3C822}.Debug|ARM.ActiveCfg = Debug|ARM
		{BB5D58C8-9079-4346-B202-4F81C6C3C822}.Debug|ARM.Build.0 = Debug|ARM
		{BB5D58C8-9079-4346-B202-4F81C6C3C822}.Debug|ARM.Deploy.0 = Debug|ARM
		{BB5D58C8-9079-4346-B202-4F81C6C3C822}.Debug|iPhone.ActiveCfg = Debug|Any CPU
		{BB5D58C8-9079-4346-B202-4F81C6C3C822}.Debug|iPhoneSimulator.ActiveCfg = Debug|Any CPU
		{BB5D58C8-9079-4346-B202-4F81C6C3C822}.Debug|Mixed Platforms.ActiveCfg = Debug|x86
		{BB5D58C8-9079-4346-B202-4F81C6C3C822}.Debug|Mixed Platforms.Build.0 = Debug|x86
		{BB5D58C8-9079-4346-B202-4F81C6C3C822}.Debug|Mixed Platforms.Deploy.0 = Debug|x86
		{BB5D58C8-9079-4346-B202-4F81C6C3C822}.Debug|x86.ActiveCfg = Debug|x86
		{BB5D58C8-9079-4346-B202-4F81C6C3C822}.Debug|x86.Build.0 = Debug|x86
		{BB5D58C8-9079-4346-B202-4F81C6C3C822}.Debug|x86.Deploy.0 = Debug|x86
		{BB5D58C8-9079-4346-B202-4F81C6C3C822}.Release|Any CPU.ActiveCfg = Release|Any CPU
		{BB5D58C8-9079-4346-B202-4F81C6C3C822}.Release|Any CPU.Build.0 = Release|Any CPU
		{BB5D58C8-9079-4346-B202-4F81C6C3C822}.Release|Any CPU.Deploy.0 = Release|Any CPU
		{BB5D58C8-9079-4346-B202-4F81C6C3C822}.Release|ARM.ActiveCfg = Release|ARM
		{BB5D58C8-9079-4346-B202-4F81C6C3C822}.Release|ARM.Build.0 = Release|ARM
		{BB5D58C8-9079-4346-B202-4F81C6C3C822}.Release|ARM.Deploy.0 = Release|ARM
		{BB5D58C8-9079-4346-B202-4F81C6C3C822}.Release|iPhone.ActiveCfg = Release|Any CPU
		{BB5D58C8-9079-4346-B202-4F81C6C3C822}.Release|iPhoneSimulator.ActiveCfg = Release|Any CPU
		{BB5D58C8-9079-4346-B202-4F81C6C3C822}.Release|Mixed Platforms.ActiveCfg = Release|x86
		{BB5D58C8-9079-4346-B202-4F81C6C3C822}.Release|Mixed Platforms.Build.0 = Release|x86
		{BB5D58C8-9079-4346-B202-4F81C6C3C822}.Release|Mixed Platforms.Deploy.0 = Release|x86
		{BB5D58C8-9079-4346-B202-4F81C6C3C822}.Release|x86.ActiveCfg = Release|x86
		{BB5D58C8-9079-4346-B202-4F81C6C3C822}.Release|x86.Build.0 = Release|x86
		{BB5D58C8-9079-4346-B202-4F81C6C3C822}.Release|x86.Deploy.0 = Release|x86
		{BC1FBF75-111D-4480-92B3-F03967656D6B}.Ad-Hoc|Any CPU.ActiveCfg = Release|Any CPU
		{BC1FBF75-111D-4480-92B3-F03967656D6B}.Ad-Hoc|Any CPU.Build.0 = Release|Any CPU
		{BC1FBF75-111D-4480-92B3-F03967656D6B}.Ad-Hoc|ARM.ActiveCfg = Release|Any CPU
		{BC1FBF75-111D-4480-92B3-F03967656D6B}.Ad-Hoc|iPhone.ActiveCfg = Release|Any CPU
		{BC1FBF75-111D-4480-92B3-F03967656D6B}.Ad-Hoc|iPhoneSimulator.ActiveCfg = Release|Any CPU
		{BC1FBF75-111D-4480-92B3-F03967656D6B}.Ad-Hoc|Mixed Platforms.ActiveCfg = Release|Any CPU
		{BC1FBF75-111D-4480-92B3-F03967656D6B}.Ad-Hoc|Mixed Platforms.Build.0 = Release|Any CPU
		{BC1FBF75-111D-4480-92B3-F03967656D6B}.Ad-Hoc|x86.ActiveCfg = Release|Any CPU
		{BC1FBF75-111D-4480-92B3-F03967656D6B}.AppStore|Any CPU.ActiveCfg = Release|Any CPU
		{BC1FBF75-111D-4480-92B3-F03967656D6B}.AppStore|Any CPU.Build.0 = Release|Any CPU
		{BC1FBF75-111D-4480-92B3-F03967656D6B}.AppStore|ARM.ActiveCfg = Release|Any CPU
		{BC1FBF75-111D-4480-92B3-F03967656D6B}.AppStore|iPhone.ActiveCfg = Release|Any CPU
		{BC1FBF75-111D-4480-92B3-F03967656D6B}.AppStore|iPhoneSimulator.ActiveCfg = Release|Any CPU
		{BC1FBF75-111D-4480-92B3-F03967656D6B}.AppStore|Mixed Platforms.ActiveCfg = Release|Any CPU
		{BC1FBF75-111D-4480-92B3-F03967656D6B}.AppStore|Mixed Platforms.Build.0 = Release|Any CPU
		{BC1FBF75-111D-4480-92B3-F03967656D6B}.AppStore|x86.ActiveCfg = Release|Any CPU
		{BC1FBF75-111D-4480-92B3-F03967656D6B}.Debug|Any CPU.ActiveCfg = Debug|Any CPU
		{BC1FBF75-111D-4480-92B3-F03967656D6B}.Debug|Any CPU.Build.0 = Debug|Any CPU
		{BC1FBF75-111D-4480-92B3-F03967656D6B}.Debug|ARM.ActiveCfg = Debug|Any CPU
		{BC1FBF75-111D-4480-92B3-F03967656D6B}.Debug|iPhone.ActiveCfg = Debug|Any CPU
		{BC1FBF75-111D-4480-92B3-F03967656D6B}.Debug|iPhoneSimulator.ActiveCfg = Debug|Any CPU
		{BC1FBF75-111D-4480-92B3-F03967656D6B}.Debug|iPhoneSimulator.Build.0 = Debug|Any CPU
		{BC1FBF75-111D-4480-92B3-F03967656D6B}.Debug|Mixed Platforms.ActiveCfg = Debug|Any CPU
		{BC1FBF75-111D-4480-92B3-F03967656D6B}.Debug|Mixed Platforms.Build.0 = Debug|Any CPU
		{BC1FBF75-111D-4480-92B3-F03967656D6B}.Debug|x86.ActiveCfg = Debug|Any CPU
		{BC1FBF75-111D-4480-92B3-F03967656D6B}.Release|Any CPU.ActiveCfg = Release|Any CPU
		{BC1FBF75-111D-4480-92B3-F03967656D6B}.Release|Any CPU.Build.0 = Release|Any CPU
		{BC1FBF75-111D-4480-92B3-F03967656D6B}.Release|ARM.ActiveCfg = Release|Any CPU
		{BC1FBF75-111D-4480-92B3-F03967656D6B}.Release|iPhone.ActiveCfg = Release|Any CPU
		{BC1FBF75-111D-4480-92B3-F03967656D6B}.Release|iPhoneSimulator.ActiveCfg = Release|Any CPU
		{BC1FBF75-111D-4480-92B3-F03967656D6B}.Release|Mixed Platforms.ActiveCfg = Release|Any CPU
		{BC1FBF75-111D-4480-92B3-F03967656D6B}.Release|Mixed Platforms.Build.0 = Release|Any CPU
		{BC1FBF75-111D-4480-92B3-F03967656D6B}.Release|x86.ActiveCfg = Release|Any CPU
	EndGlobalSection
	GlobalSection(MonoDevelopProperties) = preSolution
		StartupItem = FormsNavPatterns\FormsNavPatterns.Android\FormsNavPatterns.Android.csproj
	EndGlobalSection
	GlobalSection(SolutionProperties) = preSolution
		HideSolutionNode = FALSE
	EndGlobalSection
EndGlobal
