
Microsoft Visual Studio Solution File, Format Version 12.00
# Visual Studio 2012
VisualStudioVersion = 12.0.30501.0
MinimumVisualStudioVersion = 10.0.40219.1
Project("{FAE04EC0-301F-11D3-BF4B-00C04F79EFBC}") = "02 WebServices.Forms", "WebServices\WebServices\02 WebServices.Forms.csproj", "{4A1D389C-2189-42F6-A1B4-9B3BDBA47C28}"
EndProject
Project("{FAE04EC0-301F-11D3-BF4B-00C04F79EFBC}") = "04 WebServices.iOS", "WebServices\WebServices.iOS\04 WebServices.iOS.csproj", "{B08672C8-A5D7-4491-B14B-09974007789F}"
EndProject
Project("{FAE04EC0-301F-11D3-BF4B-00C04F79EFBC}") = "03 WebServices.Android", "WebServices\WebServices.Android\03 WebServices.Android.csproj", "{E4F6730A-2CD3-443F-9464-5F6DF5ACAEA9}"
EndProject
Project("{FAE04EC0-301F-11D3-BF4B-00C04F79EFBC}") = "01 WebServices.Core", "WebServices.Core\01 WebServices.Core.csproj", "{2B6F1559-F61C-4815-8A56-9B870C01A8E2}"
EndProject
Project("{FAE04EC0-301F-11D3-BF4B-00C04F79EFBC}") = "06 WebServices.Test", "WebServices.Test\06 WebServices.Test.csproj", "{EF298180-24AE-4E8A-B97D-7826E565A4B9}"
EndProject
Global
	GlobalSection(SolutionConfigurationPlatforms) = preSolution
		Ad-Hoc|Any CPU = Ad-Hoc|Any CPU
		Ad-Hoc|ARM = Ad-Hoc|ARM
		Ad-Hoc|iPhone = Ad-Hoc|iPhone
		Ad-Hoc|iPhoneSimulator = Ad-Hoc|iPhoneSimulator
		Ad-Hoc|Mixed Platforms = Ad-Hoc|Mixed Platforms
		Ad-Hoc|Unit Tests = Ad-Hoc|Unit Tests
		Ad-Hoc|x64 = Ad-Hoc|x64
		Ad-Hoc|x86 = Ad-Hoc|x86
		AppStore|Any CPU = AppStore|Any CPU
		AppStore|ARM = AppStore|ARM
		AppStore|iPhone = AppStore|iPhone
		AppStore|iPhoneSimulator = AppStore|iPhoneSimulator
		AppStore|Mixed Platforms = AppStore|Mixed Platforms
		AppStore|Unit Tests = AppStore|Unit Tests
		AppStore|x64 = AppStore|x64
		AppStore|x86 = AppStore|x86
		Debug|Any CPU = Debug|Any CPU
		Debug|ARM = Debug|ARM
		Debug|iPhone = Debug|iPhone
		Debug|iPhoneSimulator = Debug|iPhoneSimulator
		Debug|Mixed Platforms = Debug|Mixed Platforms
		Debug|Unit Tests = Debug|Unit Tests
		Debug|x64 = Debug|x64
		Debug|x86 = Debug|x86
		Release|Any CPU = Release|Any CPU
		Release|ARM = Release|ARM
		Release|iPhone = Release|iPhone
		Release|iPhoneSimulator = Release|iPhoneSimulator
		Release|Mixed Platforms = Release|Mixed Platforms
		Release|Unit Tests = Release|Unit Tests
		Release|x64 = Release|x64
		Release|x86 = Release|x86
	EndGlobalSection
	GlobalSection(ProjectConfigurationPlatforms) = postSolution
		{2B6F1559-F61C-4815-8A56-9B870C01A8E2}.Ad-Hoc|Any CPU.ActiveCfg = Release|Any CPU
		{2B6F1559-F61C-4815-8A56-9B870C01A8E2}.Ad-Hoc|Any CPU.Build.0 = Release|Any CPU
		{2B6F1559-F61C-4815-8A56-9B870C01A8E2}.Ad-Hoc|ARM.ActiveCfg = Release|Any CPU
		{2B6F1559-F61C-4815-8A56-9B870C01A8E2}.Ad-Hoc|iPhone.ActiveCfg = Release|Any CPU
		{2B6F1559-F61C-4815-8A56-9B870C01A8E2}.Ad-Hoc|iPhone.Build.0 = Release|Any CPU
		{2B6F1559-F61C-4815-8A56-9B870C01A8E2}.Ad-Hoc|iPhoneSimulator.ActiveCfg = Release|Any CPU
		{2B6F1559-F61C-4815-8A56-9B870C01A8E2}.Ad-Hoc|iPhoneSimulator.Build.0 = Release|Any CPU
		{2B6F1559-F61C-4815-8A56-9B870C01A8E2}.Ad-Hoc|Mixed Platforms.ActiveCfg = Release|Any CPU
		{2B6F1559-F61C-4815-8A56-9B870C01A8E2}.Ad-Hoc|Mixed Platforms.Build.0 = Release|Any CPU
		{2B6F1559-F61C-4815-8A56-9B870C01A8E2}.Ad-Hoc|Unit Tests.ActiveCfg = Release|Any CPU
		{2B6F1559-F61C-4815-8A56-9B870C01A8E2}.Ad-Hoc|Unit Tests.Build.0 = Release|Any CPU
		{2B6F1559-F61C-4815-8A56-9B870C01A8E2}.Ad-Hoc|x64.ActiveCfg = Release|Any CPU
		{2B6F1559-F61C-4815-8A56-9B870C01A8E2}.Ad-Hoc|x86.ActiveCfg = Release|Any CPU
		{2B6F1559-F61C-4815-8A56-9B870C01A8E2}.AppStore|Any CPU.ActiveCfg = Release|Any CPU
		{2B6F1559-F61C-4815-8A56-9B870C01A8E2}.AppStore|Any CPU.Build.0 = Release|Any CPU
		{2B6F1559-F61C-4815-8A56-9B870C01A8E2}.AppStore|ARM.ActiveCfg = Release|Any CPU
		{2B6F1559-F61C-4815-8A56-9B870C01A8E2}.AppStore|iPhone.ActiveCfg = Release|Any CPU
		{2B6F1559-F61C-4815-8A56-9B870C01A8E2}.AppStore|iPhone.Build.0 = Release|Any CPU
		{2B6F1559-F61C-4815-8A56-9B870C01A8E2}.AppStore|iPhoneSimulator.ActiveCfg = Release|Any CPU
		{2B6F1559-F61C-4815-8A56-9B870C01A8E2}.AppStore|iPhoneSimulator.Build.0 = Release|Any CPU
		{2B6F1559-F61C-4815-8A56-9B870C01A8E2}.AppStore|Mixed Platforms.ActiveCfg = Release|Any CPU
		{2B6F1559-F61C-4815-8A56-9B870C01A8E2}.AppStore|Mixed Platforms.Build.0 = Release|Any CPU
		{2B6F1559-F61C-4815-8A56-9B870C01A8E2}.AppStore|Unit Tests.ActiveCfg = Release|Any CPU
		{2B6F1559-F61C-4815-8A56-9B870C01A8E2}.AppStore|Unit Tests.Build.0 = Release|Any CPU
		{2B6F1559-F61C-4815-8A56-9B870C01A8E2}.AppStore|x64.ActiveCfg = Release|Any CPU
		{2B6F1559-F61C-4815-8A56-9B870C01A8E2}.AppStore|x86.ActiveCfg = Release|Any CPU
		{2B6F1559-F61C-4815-8A56-9B870C01A8E2}.Debug|Any CPU.ActiveCfg = Debug|Any CPU
		{2B6F1559-F61C-4815-8A56-9B870C01A8E2}.Debug|Any CPU.Build.0 = Debug|Any CPU
		{2B6F1559-F61C-4815-8A56-9B870C01A8E2}.Debug|ARM.ActiveCfg = Debug|Any CPU
		{2B6F1559-F61C-4815-8A56-9B870C01A8E2}.Debug|iPhone.ActiveCfg = Debug|Any CPU
		{2B6F1559-F61C-4815-8A56-9B870C01A8E2}.Debug|iPhone.Build.0 = Debug|Any CPU
		{2B6F1559-F61C-4815-8A56-9B870C01A8E2}.Debug|iPhoneSimulator.ActiveCfg = Debug|Any CPU
		{2B6F1559-F61C-4815-8A56-9B870C01A8E2}.Debug|iPhoneSimulator.Build.0 = Debug|Any CPU
		{2B6F1559-F61C-4815-8A56-9B870C01A8E2}.Debug|Mixed Platforms.ActiveCfg = Debug|Any CPU
		{2B6F1559-F61C-4815-8A56-9B870C01A8E2}.Debug|Mixed Platforms.Build.0 = Debug|Any CPU
		{2B6F1559-F61C-4815-8A56-9B870C01A8E2}.Debug|Unit Tests.ActiveCfg = Debug|Any CPU
		{2B6F1559-F61C-4815-8A56-9B870C01A8E2}.Debug|Unit Tests.Build.0 = Debug|Any CPU
		{2B6F1559-F61C-4815-8A56-9B870C01A8E2}.Debug|x64.ActiveCfg = Debug|Any CPU
		{2B6F1559-F61C-4815-8A56-9B870C01A8E2}.Debug|x86.ActiveCfg = Debug|Any CPU
		{2B6F1559-F61C-4815-8A56-9B870C01A8E2}.Release|Any CPU.ActiveCfg = Release|Any CPU
		{2B6F1559-F61C-4815-8A56-9B870C01A8E2}.Release|Any CPU.Build.0 = Release|Any CPU
		{2B6F1559-F61C-4815-8A56-9B870C01A8E2}.Release|ARM.ActiveCfg = Release|Any CPU
		{2B6F1559-F61C-4815-8A56-9B870C01A8E2}.Release|iPhone.ActiveCfg = Release|Any CPU
		{2B6F1559-F61C-4815-8A56-9B870C01A8E2}.Release|iPhone.Build.0 = Release|Any CPU
		{2B6F1559-F61C-4815-8A56-9B870C01A8E2}.Release|iPhoneSimulator.ActiveCfg = Release|Any CPU
		{2B6F1559-F61C-4815-8A56-9B870C01A8E2}.Release|iPhoneSimulator.Build.0 = Release|Any CPU
		{2B6F1559-F61C-4815-8A56-9B870C01A8E2}.Release|Mixed Platforms.ActiveCfg = Release|Any CPU
		{2B6F1559-F61C-4815-8A56-9B870C01A8E2}.Release|Mixed Platforms.Build.0 = Release|Any CPU
		{2B6F1559-F61C-4815-8A56-9B870C01A8E2}.Release|Unit Tests.ActiveCfg = Release|Any CPU
		{2B6F1559-F61C-4815-8A56-9B870C01A8E2}.Release|Unit Tests.Build.0 = Release|Any CPU
		{2B6F1559-F61C-4815-8A56-9B870C01A8E2}.Release|x64.ActiveCfg = Release|Any CPU
		{2B6F1559-F61C-4815-8A56-9B870C01A8E2}.Release|x86.ActiveCfg = Release|Any CPU
		{4A1D389C-2189-42F6-A1B4-9B3BDBA47C28}.Ad-Hoc|Any CPU.ActiveCfg = Release|Any CPU
		{4A1D389C-2189-42F6-A1B4-9B3BDBA47C28}.Ad-Hoc|Any CPU.Build.0 = Release|Any CPU
		{4A1D389C-2189-42F6-A1B4-9B3BDBA47C28}.Ad-Hoc|ARM.ActiveCfg = Release|Any CPU
		{4A1D389C-2189-42F6-A1B4-9B3BDBA47C28}.Ad-Hoc|iPhone.ActiveCfg = Release|Any CPU
		{4A1D389C-2189-42F6-A1B4-9B3BDBA47C28}.Ad-Hoc|iPhone.Build.0 = Release|Any CPU
		{4A1D389C-2189-42F6-A1B4-9B3BDBA47C28}.Ad-Hoc|iPhoneSimulator.ActiveCfg = Release|Any CPU
		{4A1D389C-2189-42F6-A1B4-9B3BDBA47C28}.Ad-Hoc|iPhoneSimulator.Build.0 = Release|Any CPU
		{4A1D389C-2189-42F6-A1B4-9B3BDBA47C28}.Ad-Hoc|Mixed Platforms.ActiveCfg = Release|Any CPU
		{4A1D389C-2189-42F6-A1B4-9B3BDBA47C28}.Ad-Hoc|Mixed Platforms.Build.0 = Release|Any CPU
		{4A1D389C-2189-42F6-A1B4-9B3BDBA47C28}.Ad-Hoc|Unit Tests.ActiveCfg = Release|Any CPU
		{4A1D389C-2189-42F6-A1B4-9B3BDBA47C28}.Ad-Hoc|Unit Tests.Build.0 = Release|Any CPU
		{4A1D389C-2189-42F6-A1B4-9B3BDBA47C28}.Ad-Hoc|x64.ActiveCfg = Debug|Any CPU
		{4A1D389C-2189-42F6-A1B4-9B3BDBA47C28}.Ad-Hoc|x86.ActiveCfg = Release|Any CPU
		{4A1D389C-2189-42F6-A1B4-9B3BDBA47C28}.AppStore|Any CPU.ActiveCfg = Release|Any CPU
		{4A1D389C-2189-42F6-A1B4-9B3BDBA47C28}.AppStore|Any CPU.Build.0 = Release|Any CPU
		{4A1D389C-2189-42F6-A1B4-9B3BDBA47C28}.AppStore|ARM.ActiveCfg = Release|Any CPU
		{4A1D389C-2189-42F6-A1B4-9B3BDBA47C28}.AppStore|iPhone.ActiveCfg = Release|Any CPU
		{4A1D389C-2189-42F6-A1B4-9B3BDBA47C28}.AppStore|iPhone.Build.0 = Release|Any CPU
		{4A1D389C-2189-42F6-A1B4-9B3BDBA47C28}.AppStore|iPhoneSimulator.ActiveCfg = Release|Any CPU
		{4A1D389C-2189-42F6-A1B4-9B3BDBA47C28}.AppStore|iPhoneSimulator.Build.0 = Release|Any CPU
		{4A1D389C-2189-42F6-A1B4-9B3BDBA47C28}.AppStore|Mixed Platforms.ActiveCfg = Release|Any CPU
		{4A1D389C-2189-42F6-A1B4-9B3BDBA47C28}.AppStore|Mixed Platforms.Build.0 = Release|Any CPU
		{4A1D389C-2189-42F6-A1B4-9B3BDBA47C28}.AppStore|Unit Tests.ActiveCfg = Release|Any CPU
		{4A1D389C-2189-42F6-A1B4-9B3BDBA47C28}.AppStore|Unit Tests.Build.0 = Release|Any CPU
		{4A1D389C-2189-42F6-A1B4-9B3BDBA47C28}.AppStore|x64.ActiveCfg = Debug|Any CPU
		{4A1D389C-2189-42F6-A1B4-9B3BDBA47C28}.AppStore|x86.ActiveCfg = Release|Any CPU
		{4A1D389C-2189-42F6-A1B4-9B3BDBA47C28}.Debug|Any CPU.ActiveCfg = Debug|Any CPU
		{4A1D389C-2189-42F6-A1B4-9B3BDBA47C28}.Debug|Any CPU.Build.0 = Debug|Any CPU
		{4A1D389C-2189-42F6-A1B4-9B3BDBA47C28}.Debug|ARM.ActiveCfg = Debug|Any CPU
		{4A1D389C-2189-42F6-A1B4-9B3BDBA47C28}.Debug|iPhone.ActiveCfg = Debug|Any CPU
		{4A1D389C-2189-42F6-A1B4-9B3BDBA47C28}.Debug|iPhone.Build.0 = Debug|Any CPU
		{4A1D389C-2189-42F6-A1B4-9B3BDBA47C28}.Debug|iPhoneSimulator.ActiveCfg = Debug|Any CPU
		{4A1D389C-2189-42F6-A1B4-9B3BDBA47C28}.Debug|iPhoneSimulator.Build.0 = Debug|Any CPU
		{4A1D389C-2189-42F6-A1B4-9B3BDBA47C28}.Debug|Mixed Platforms.ActiveCfg = Debug|Any CPU
		{4A1D389C-2189-42F6-A1B4-9B3BDBA47C28}.Debug|Mixed Platforms.Build.0 = Debug|Any CPU
		{4A1D389C-2189-42F6-A1B4-9B3BDBA47C28}.Debug|Unit Tests.ActiveCfg = Debug|Any CPU
		{4A1D389C-2189-42F6-A1B4-9B3BDBA47C28}.Debug|x64.ActiveCfg = Debug|Any CPU
		{4A1D389C-2189-42F6-A1B4-9B3BDBA47C28}.Debug|x86.ActiveCfg = Debug|Any CPU
		{4A1D389C-2189-42F6-A1B4-9B3BDBA47C28}.Release|Any CPU.ActiveCfg = Release|Any CPU
		{4A1D389C-2189-42F6-A1B4-9B3BDBA47C28}.Release|Any CPU.Build.0 = Release|Any CPU
		{4A1D389C-2189-42F6-A1B4-9B3BDBA47C28}.Release|ARM.ActiveCfg = Release|Any CPU
		{4A1D389C-2189-42F6-A1B4-9B3BDBA47C28}.Release|iPhone.ActiveCfg = Release|Any CPU
		{4A1D389C-2189-42F6-A1B4-9B3BDBA47C28}.Release|iPhone.Build.0 = Release|Any CPU
		{4A1D389C-2189-42F6-A1B4-9B3BDBA47C28}.Release|iPhoneSimulator.ActiveCfg = Release|Any CPU
		{4A1D389C-2189-42F6-A1B4-9B3BDBA47C28}.Release|iPhoneSimulator.Build.0 = Release|Any CPU
		{4A1D389C-2189-42F6-A1B4-9B3BDBA47C28}.Release|Mixed Platforms.ActiveCfg = Release|Any CPU
		{4A1D389C-2189-42F6-A1B4-9B3BDBA47C28}.Release|Mixed Platforms.Build.0 = Release|Any CPU
		{4A1D389C-2189-42F6-A1B4-9B3BDBA47C28}.Release|Unit Tests.ActiveCfg = Release|Any CPU
		{4A1D389C-2189-42F6-A1B4-9B3BDBA47C28}.Release|x64.ActiveCfg = Release|Any CPU
		{4A1D389C-2189-42F6-A1B4-9B3BDBA47C28}.Release|x86.ActiveCfg = Release|Any CPU
		{B08672C8-A5D7-4491-B14B-09974007789F}.Ad-Hoc|Any CPU.ActiveCfg = Ad-Hoc|iPhone
		{B08672C8-A5D7-4491-B14B-09974007789F}.Ad-Hoc|ARM.ActiveCfg = Ad-Hoc|iPhone
		{B08672C8-A5D7-4491-B14B-09974007789F}.Ad-Hoc|iPhone.ActiveCfg = Ad-Hoc|iPhone
		{B08672C8-A5D7-4491-B14B-09974007789F}.Ad-Hoc|iPhone.Build.0 = Ad-Hoc|iPhone
		{B08672C8-A5D7-4491-B14B-09974007789F}.Ad-Hoc|iPhone.Deploy.0 = Ad-Hoc|iPhone
		{B08672C8-A5D7-4491-B14B-09974007789F}.Ad-Hoc|iPhoneSimulator.ActiveCfg = Ad-Hoc|iPhoneSimulator
		{B08672C8-A5D7-4491-B14B-09974007789F}.Ad-Hoc|iPhoneSimulator.Build.0 = Ad-Hoc|iPhoneSimulator
		{B08672C8-A5D7-4491-B14B-09974007789F}.Ad-Hoc|iPhoneSimulator.Deploy.0 = Ad-Hoc|iPhoneSimulator
		{B08672C8-A5D7-4491-B14B-09974007789F}.Ad-Hoc|Mixed Platforms.ActiveCfg = Ad-Hoc|iPhone
		{B08672C8-A5D7-4491-B14B-09974007789F}.Ad-Hoc|Mixed Platforms.Build.0 = Ad-Hoc|iPhone
		{B08672C8-A5D7-4491-B14B-09974007789F}.Ad-Hoc|Mixed Platforms.Deploy.0 = Ad-Hoc|iPhone
		{B08672C8-A5D7-4491-B14B-09974007789F}.Ad-Hoc|Unit Tests.ActiveCfg = Ad-Hoc|iPhone
		{B08672C8-A5D7-4491-B14B-09974007789F}.Ad-Hoc|x64.ActiveCfg = Ad-Hoc|iPhoneSimulator
		{B08672C8-A5D7-4491-B14B-09974007789F}.Ad-Hoc|x86.ActiveCfg = Ad-Hoc|iPhone
		{B08672C8-A5D7-4491-B14B-09974007789F}.AppStore|Any CPU.ActiveCfg = AppStore|iPhone
		{B08672C8-A5D7-4491-B14B-09974007789F}.AppStore|ARM.ActiveCfg = AppStore|iPhone
		{B08672C8-A5D7-4491-B14B-09974007789F}.AppStore|iPhone.ActiveCfg = AppStore|iPhone
		{B08672C8-A5D7-4491-B14B-09974007789F}.AppStore|iPhone.Build.0 = AppStore|iPhone
		{B08672C8-A5D7-4491-B14B-09974007789F}.AppStore|iPhone.Deploy.0 = AppStore|iPhone
		{B08672C8-A5D7-4491-B14B-09974007789F}.AppStore|iPhoneSimulator.ActiveCfg = AppStore|iPhoneSimulator
		{B08672C8-A5D7-4491-B14B-09974007789F}.AppStore|iPhoneSimulator.Build.0 = AppStore|iPhoneSimulator
		{B08672C8-A5D7-4491-B14B-09974007789F}.AppStore|iPhoneSimulator.Deploy.0 = AppStore|iPhoneSimulator
		{B08672C8-A5D7-4491-B14B-09974007789F}.AppStore|Mixed Platforms.ActiveCfg = AppStore|iPhone
		{B08672C8-A5D7-4491-B14B-09974007789F}.AppStore|Mixed Platforms.Build.0 = AppStore|iPhone
		{B08672C8-A5D7-4491-B14B-09974007789F}.AppStore|Mixed Platforms.Deploy.0 = AppStore|iPhone
		{B08672C8-A5D7-4491-B14B-09974007789F}.AppStore|Unit Tests.ActiveCfg = AppStore|iPhone
		{B08672C8-A5D7-4491-B14B-09974007789F}.AppStore|x64.ActiveCfg = AppStore|iPhoneSimulator
		{B08672C8-A5D7-4491-B14B-09974007789F}.AppStore|x86.ActiveCfg = AppStore|iPhone
		{B08672C8-A5D7-4491-B14B-09974007789F}.Debug|Any CPU.ActiveCfg = Debug|iPhone
		{B08672C8-A5D7-4491-B14B-09974007789F}.Debug|ARM.ActiveCfg = Debug|iPhone
		{B08672C8-A5D7-4491-B14B-09974007789F}.Debug|iPhone.ActiveCfg = Debug|iPhone
		{B08672C8-A5D7-4491-B14B-09974007789F}.Debug|iPhone.Build.0 = Debug|iPhone
		{B08672C8-A5D7-4491-B14B-09974007789F}.Debug|iPhone.Deploy.0 = Debug|iPhone
		{B08672C8-A5D7-4491-B14B-09974007789F}.Debug|iPhoneSimulator.ActiveCfg = Debug|iPhoneSimulator
		{B08672C8-A5D7-4491-B14B-09974007789F}.Debug|iPhoneSimulator.Build.0 = Debug|iPhoneSimulator
		{B08672C8-A5D7-4491-B14B-09974007789F}.Debug|iPhoneSimulator.Deploy.0 = Debug|iPhoneSimulator
		{B08672C8-A5D7-4491-B14B-09974007789F}.Debug|Mixed Platforms.ActiveCfg = Debug|iPhone
		{B08672C8-A5D7-4491-B14B-09974007789F}.Debug|Mixed Platforms.Build.0 = Debug|iPhone
		{B08672C8-A5D7-4491-B14B-09974007789F}.Debug|Mixed Platforms.Deploy.0 = Debug|iPhone
		{B08672C8-A5D7-4491-B14B-09974007789F}.Debug|Unit Tests.ActiveCfg = Debug|iPhone
		{B08672C8-A5D7-4491-B14B-09974007789F}.Debug|x64.ActiveCfg = Debug|iPhoneSimulator
		{B08672C8-A5D7-4491-B14B-09974007789F}.Debug|x86.ActiveCfg = Debug|iPhone
		{B08672C8-A5D7-4491-B14B-09974007789F}.Release|Any CPU.ActiveCfg = Release|iPhone
		{B08672C8-A5D7-4491-B14B-09974007789F}.Release|ARM.ActiveCfg = Release|iPhone
		{B08672C8-A5D7-4491-B14B-09974007789F}.Release|iPhone.ActiveCfg = Release|iPhone
		{B08672C8-A5D7-4491-B14B-09974007789F}.Release|iPhone.Build.0 = Release|iPhone
		{B08672C8-A5D7-4491-B14B-09974007789F}.Release|iPhone.Deploy.0 = Release|iPhone
		{B08672C8-A5D7-4491-B14B-09974007789F}.Release|iPhoneSimulator.ActiveCfg = Release|iPhoneSimulator
		{B08672C8-A5D7-4491-B14B-09974007789F}.Release|iPhoneSimulator.Build.0 = Release|iPhoneSimulator
		{B08672C8-A5D7-4491-B14B-09974007789F}.Release|iPhoneSimulator.Deploy.0 = Release|iPhoneSimulator
		{B08672C8-A5D7-4491-B14B-09974007789F}.Release|Mixed Platforms.ActiveCfg = Release|iPhone
		{B08672C8-A5D7-4491-B14B-09974007789F}.Release|Mixed Platforms.Build.0 = Release|iPhone
		{B08672C8-A5D7-4491-B14B-09974007789F}.Release|Mixed Platforms.Deploy.0 = Release|iPhone
		{B08672C8-A5D7-4491-B14B-09974007789F}.Release|Unit Tests.ActiveCfg = Release|iPhone
		{B08672C8-A5D7-4491-B14B-09974007789F}.Release|x64.ActiveCfg = Release|iPhoneSimulator
		{B08672C8-A5D7-4491-B14B-09974007789F}.Release|x86.ActiveCfg = Release|iPhone
		{E4F6730A-2CD3-443F-9464-5F6DF5ACAEA9}.Ad-Hoc|Any CPU.ActiveCfg = Release|Any CPU
		{E4F6730A-2CD3-443F-9464-5F6DF5ACAEA9}.Ad-Hoc|Any CPU.Build.0 = Release|Any CPU
		{E4F6730A-2CD3-443F-9464-5F6DF5ACAEA9}.Ad-Hoc|Any CPU.Deploy.0 = Release|Any CPU
		{E4F6730A-2CD3-443F-9464-5F6DF5ACAEA9}.Ad-Hoc|ARM.ActiveCfg = Release|Any CPU
		{E4F6730A-2CD3-443F-9464-5F6DF5ACAEA9}.Ad-Hoc|iPhone.ActiveCfg = Release|Any CPU
		{E4F6730A-2CD3-443F-9464-5F6DF5ACAEA9}.Ad-Hoc|iPhoneSimulator.ActiveCfg = Release|Any CPU
		{E4F6730A-2CD3-443F-9464-5F6DF5ACAEA9}.Ad-Hoc|Mixed Platforms.ActiveCfg = Release|Any CPU
		{E4F6730A-2CD3-443F-9464-5F6DF5ACAEA9}.Ad-Hoc|Mixed Platforms.Build.0 = Release|Any CPU
		{E4F6730A-2CD3-443F-9464-5F6DF5ACAEA9}.Ad-Hoc|Mixed Platforms.Deploy.0 = Release|Any CPU
		{E4F6730A-2CD3-443F-9464-5F6DF5ACAEA9}.Ad-Hoc|Unit Tests.ActiveCfg = Release|Any CPU
		{E4F6730A-2CD3-443F-9464-5F6DF5ACAEA9}.Ad-Hoc|Unit Tests.Build.0 = Release|Any CPU
		{E4F6730A-2CD3-443F-9464-5F6DF5ACAEA9}.Ad-Hoc|Unit Tests.Deploy.0 = Release|Any CPU
		{E4F6730A-2CD3-443F-9464-5F6DF5ACAEA9}.Ad-Hoc|x64.ActiveCfg = Debug|Any CPU
		{E4F6730A-2CD3-443F-9464-5F6DF5ACAEA9}.Ad-Hoc|x86.ActiveCfg = Release|Any CPU
		{E4F6730A-2CD3-443F-9464-5F6DF5ACAEA9}.AppStore|Any CPU.ActiveCfg = Release|Any CPU
		{E4F6730A-2CD3-443F-9464-5F6DF5ACAEA9}.AppStore|Any CPU.Build.0 = Release|Any CPU
		{E4F6730A-2CD3-443F-9464-5F6DF5ACAEA9}.AppStore|Any CPU.Deploy.0 = Release|Any CPU
		{E4F6730A-2CD3-443F-9464-5F6DF5ACAEA9}.AppStore|ARM.ActiveCfg = Release|Any CPU
		{E4F6730A-2CD3-443F-9464-5F6DF5ACAEA9}.AppStore|iPhone.ActiveCfg = Release|Any CPU
		{E4F6730A-2CD3-443F-9464-5F6DF5ACAEA9}.AppStore|iPhoneSimulator.ActiveCfg = Release|Any CPU
		{E4F6730A-2CD3-443F-9464-5F6DF5ACAEA9}.AppStore|Mixed Platforms.ActiveCfg = Release|Any CPU
		{E4F6730A-2CD3-443F-9464-5F6DF5ACAEA9}.AppStore|Mixed Platforms.Build.0 = Release|Any CPU
		{E4F6730A-2CD3-443F-9464-5F6DF5ACAEA9}.AppStore|Mixed Platforms.Deploy.0 = Release|Any CPU
		{E4F6730A-2CD3-443F-9464-5F6DF5ACAEA9}.AppStore|Unit Tests.ActiveCfg = Release|Any CPU
		{E4F6730A-2CD3-443F-9464-5F6DF5ACAEA9}.AppStore|Unit Tests.Build.0 = Release|Any CPU
		{E4F6730A-2CD3-443F-9464-5F6DF5ACAEA9}.AppStore|Unit Tests.Deploy.0 = Release|Any CPU
		{E4F6730A-2CD3-443F-9464-5F6DF5ACAEA9}.AppStore|x64.ActiveCfg = Debug|Any CPU
		{E4F6730A-2CD3-443F-9464-5F6DF5ACAEA9}.AppStore|x86.ActiveCfg = Release|Any CPU
		{E4F6730A-2CD3-443F-9464-5F6DF5ACAEA9}.Debug|Any CPU.ActiveCfg = Debug|Any CPU
		{E4F6730A-2CD3-443F-9464-5F6DF5ACAEA9}.Debug|Any CPU.Build.0 = Debug|Any CPU
		{E4F6730A-2CD3-443F-9464-5F6DF5ACAEA9}.Debug|Any CPU.Deploy.0 = Debug|Any CPU
		{E4F6730A-2CD3-443F-9464-5F6DF5ACAEA9}.Debug|ARM.ActiveCfg = Debug|Any CPU
		{E4F6730A-2CD3-443F-9464-5F6DF5ACAEA9}.Debug|iPhone.ActiveCfg = Debug|Any CPU
		{E4F6730A-2CD3-443F-9464-5F6DF5ACAEA9}.Debug|iPhoneSimulator.ActiveCfg = Debug|Any CPU
		{E4F6730A-2CD3-443F-9464-5F6DF5ACAEA9}.Debug|Mixed Platforms.ActiveCfg = Debug|Any CPU
		{E4F6730A-2CD3-443F-9464-5F6DF5ACAEA9}.Debug|Mixed Platforms.Build.0 = Debug|Any CPU
		{E4F6730A-2CD3-443F-9464-5F6DF5ACAEA9}.Debug|Mixed Platforms.Deploy.0 = Debug|Any CPU
		{E4F6730A-2CD3-443F-9464-5F6DF5ACAEA9}.Debug|Unit Tests.ActiveCfg = Debug|Any CPU
		{E4F6730A-2CD3-443F-9464-5F6DF5ACAEA9}.Debug|x64.ActiveCfg = Debug|Any CPU
		{E4F6730A-2CD3-443F-9464-5F6DF5ACAEA9}.Debug|x86.ActiveCfg = Debug|Any CPU
		{E4F6730A-2CD3-443F-9464-5F6DF5ACAEA9}.Release|Any CPU.ActiveCfg = Release|Any CPU
		{E4F6730A-2CD3-443F-9464-5F6DF5ACAEA9}.Release|Any CPU.Build.0 = Release|Any CPU
		{E4F6730A-2CD3-443F-9464-5F6DF5ACAEA9}.Release|Any CPU.Deploy.0 = Release|Any CPU
		{E4F6730A-2CD3-443F-9464-5F6DF5ACAEA9}.Release|ARM.ActiveCfg = Release|Any CPU
		{E4F6730A-2CD3-443F-9464-5F6DF5ACAEA9}.Release|iPhone.ActiveCfg = Release|Any CPU
		{E4F6730A-2CD3-443F-9464-5F6DF5ACAEA9}.Release|iPhoneSimulator.ActiveCfg = Release|Any CPU
		{E4F6730A-2CD3-443F-9464-5F6DF5ACAEA9}.Release|Mixed Platforms.ActiveCfg = Release|Any CPU
		{E4F6730A-2CD3-443F-9464-5F6DF5ACAEA9}.Release|Mixed Platforms.Build.0 = Release|Any CPU
		{E4F6730A-2CD3-443F-9464-5F6DF5ACAEA9}.Release|Mixed Platforms.Deploy.0 = Release|Any CPU
		{E4F6730A-2CD3-443F-9464-5F6DF5ACAEA9}.Release|Unit Tests.ActiveCfg = Release|Any CPU
		{E4F6730A-2CD3-443F-9464-5F6DF5ACAEA9}.Release|x64.ActiveCfg = Release|Any CPU
		{E4F6730A-2CD3-443F-9464-5F6DF5ACAEA9}.Release|x86.ActiveCfg = Release|Any CPU
		{EF298180-24AE-4E8A-B97D-7826E565A4B9}.Ad-Hoc|Any CPU.ActiveCfg = Release|Any CPU
		{EF298180-24AE-4E8A-B97D-7826E565A4B9}.Ad-Hoc|Any CPU.Build.0 = Release|Any CPU
		{EF298180-24AE-4E8A-B97D-7826E565A4B9}.Ad-Hoc|ARM.ActiveCfg = Release|Any CPU
		{EF298180-24AE-4E8A-B97D-7826E565A4B9}.Ad-Hoc|iPhone.ActiveCfg = Release|Any CPU
		{EF298180-24AE-4E8A-B97D-7826E565A4B9}.Ad-Hoc|iPhoneSimulator.ActiveCfg = Release|Any CPU
		{EF298180-24AE-4E8A-B97D-7826E565A4B9}.Ad-Hoc|Mixed Platforms.ActiveCfg = Release|Any CPU
		{EF298180-24AE-4E8A-B97D-7826E565A4B9}.Ad-Hoc|Mixed Platforms.Build.0 = Release|Any CPU
		{EF298180-24AE-4E8A-B97D-7826E565A4B9}.Ad-Hoc|Unit Tests.ActiveCfg = Release|Any CPU
		{EF298180-24AE-4E8A-B97D-7826E565A4B9}.Ad-Hoc|x64.ActiveCfg = Release|Any CPU
		{EF298180-24AE-4E8A-B97D-7826E565A4B9}.Ad-Hoc|x86.ActiveCfg = Release|Any CPU
		{EF298180-24AE-4E8A-B97D-7826E565A4B9}.AppStore|Any CPU.ActiveCfg = Release|Any CPU
		{EF298180-24AE-4E8A-B97D-7826E565A4B9}.AppStore|Any CPU.Build.0 = Release|Any CPU
		{EF298180-24AE-4E8A-B97D-7826E565A4B9}.AppStore|ARM.ActiveCfg = Release|Any CPU
		{EF298180-24AE-4E8A-B97D-7826E565A4B9}.AppStore|iPhone.ActiveCfg = Release|Any CPU
		{EF298180-24AE-4E8A-B97D-7826E565A4B9}.AppStore|iPhoneSimulator.ActiveCfg = Release|Any CPU
		{EF298180-24AE-4E8A-B97D-7826E565A4B9}.AppStore|Mixed Platforms.ActiveCfg = Release|Any CPU
		{EF298180-24AE-4E8A-B97D-7826E565A4B9}.AppStore|Mixed Platforms.Build.0 = Release|Any CPU
		{EF298180-24AE-4E8A-B97D-7826E565A4B9}.AppStore|Unit Tests.ActiveCfg = Release|Any CPU
		{EF298180-24AE-4E8A-B97D-7826E565A4B9}.AppStore|x64.ActiveCfg = Release|Any CPU
		{EF298180-24AE-4E8A-B97D-7826E565A4B9}.AppStore|x86.ActiveCfg = Release|Any CPU
		{EF298180-24AE-4E8A-B97D-7826E565A4B9}.Debug|Any CPU.ActiveCfg = Debug|Any CPU
		{EF298180-24AE-4E8A-B97D-7826E565A4B9}.Debug|Any CPU.Build.0 = Debug|Any CPU
		{EF298180-24AE-4E8A-B97D-7826E565A4B9}.Debug|ARM.ActiveCfg = Debug|Any CPU
		{EF298180-24AE-4E8A-B97D-7826E565A4B9}.Debug|iPhone.ActiveCfg = Debug|Any CPU
		{EF298180-24AE-4E8A-B97D-7826E565A4B9}.Debug|iPhoneSimulator.ActiveCfg = Debug|Any CPU
		{EF298180-24AE-4E8A-B97D-7826E565A4B9}.Debug|Mixed Platforms.ActiveCfg = Debug|Any CPU
		{EF298180-24AE-4E8A-B97D-7826E565A4B9}.Debug|Mixed Platforms.Build.0 = Debug|Any CPU
		{EF298180-24AE-4E8A-B97D-7826E565A4B9}.Debug|Unit Tests.ActiveCfg = Debug|Any CPU
		{EF298180-24AE-4E8A-B97D-7826E565A4B9}.Debug|x64.ActiveCfg = Debug|Any CPU
		{EF298180-24AE-4E8A-B97D-7826E565A4B9}.Debug|x86.ActiveCfg = Debug|Any CPU
		{EF298180-24AE-4E8A-B97D-7826E565A4B9}.Release|Any CPU.ActiveCfg = Release|Any CPU
		{EF298180-24AE-4E8A-B97D-7826E565A4B9}.Release|Any CPU.Build.0 = Release|Any CPU
		{EF298180-24AE-4E8A-B97D-7826E565A4B9}.Release|ARM.ActiveCfg = Release|Any CPU
		{EF298180-24AE-4E8A-B97D-7826E565A4B9}.Release|iPhone.ActiveCfg = Release|Any CPU
		{EF298180-24AE-4E8A-B97D-7826E565A4B9}.Release|iPhoneSimulator.ActiveCfg = Release|Any CPU
		{EF298180-24AE-4E8A-B97D-7826E565A4B9}.Release|Mixed Platforms.ActiveCfg = Release|Any CPU
		{EF298180-24AE-4E8A-B97D-7826E565A4B9}.Release|Mixed Platforms.Build.0 = Release|Any CPU
		{EF298180-24AE-4E8A-B97D-7826E565A4B9}.Release|Unit Tests.ActiveCfg = Release|Any CPU
		{EF298180-24AE-4E8A-B97D-7826E565A4B9}.Release|x64.ActiveCfg = Release|Any CPU
		{EF298180-24AE-4E8A-B97D-7826E565A4B9}.Release|x86.ActiveCfg = Release|Any CPU
	EndGlobalSection
	GlobalSection(MonoDevelopProperties) = preSolution
		StartupItem = WebServices\WebServices.iOS\04 WebServices.iOS.csproj
	EndGlobalSection
	GlobalSection(SolutionProperties) = preSolution
		HideSolutionNode = FALSE
	EndGlobalSection
EndGlobal
